// !$*UTF8*$!
{
	archiveVersion = 1;
	classes = {
	};
	objectVersion = 48;
	objects = {

/* Begin PBXBuildFile section */
		457C1A3502D370441FDED28E /* Pods_BackendlessRTChatV2.framework in Frameworks */ = {isa = PBXBuildFile; fileRef = 88DBADBBB9790C95FCD55BE5 /* Pods_BackendlessRTChatV2.framework */; };
		5AE548FE1FF3837A00660560 /* libbkndlss-simulator.a in Frameworks */ = {isa = PBXBuildFile; fileRef = 5AE548051FF3837A00660560 /* libbkndlss-simulator.a */; };
		5E80D5571FF2F23400DBC0DF /* AppDelegate.m in Sources */ = {isa = PBXBuildFile; fileRef = 5E80D5561FF2F23400DBC0DF /* AppDelegate.m */; };
		5E80D55A1FF2F23400DBC0DF /* LoginViewController.m in Sources */ = {isa = PBXBuildFile; fileRef = 5E80D5591FF2F23400DBC0DF /* LoginViewController.m */; };
		5E80D55D1FF2F23400DBC0DF /* Main.storyboard in Resources */ = {isa = PBXBuildFile; fileRef = 5E80D55B1FF2F23400DBC0DF /* Main.storyboard */; };
		5E80D55F1FF2F23400DBC0DF /* Assets.xcassets in Resources */ = {isa = PBXBuildFile; fileRef = 5E80D55E1FF2F23400DBC0DF /* Assets.xcassets */; };
		5E80D5621FF2F23400DBC0DF /* LaunchScreen.storyboard in Resources */ = {isa = PBXBuildFile; fileRef = 5E80D5601FF2F23400DBC0DF /* LaunchScreen.storyboard */; };
		5E80D5651FF2F23400DBC0DF /* main.m in Sources */ = {isa = PBXBuildFile; fileRef = 5E80D5641FF2F23400DBC0DF /* main.m */; };
		5EDC0A3E1FF2F79C00723671 /* SplitViewController.m in Sources */ = {isa = PBXBuildFile; fileRef = 5EDC0A3D1FF2F79C00723671 /* SplitViewController.m */; };
		5EDC0A411FF2F7F900723671 /* ChatsViewController.m in Sources */ = {isa = PBXBuildFile; fileRef = 5EDC0A401FF2F7F900723671 /* ChatsViewController.m */; };
		5EDC0A441FF2F80800723671 /* ChatViewController.m in Sources */ = {isa = PBXBuildFile; fileRef = 5EDC0A431FF2F80800723671 /* ChatViewController.m */; };
		5EDC0A471FF2F83800723671 /* Chat.m in Sources */ = {isa = PBXBuildFile; fileRef = 5EDC0A461FF2F83800723671 /* Chat.m */; };
		5EE85CBC1FF300BD00BFA6B8 /* AlertController.m in Sources */ = {isa = PBXBuildFile; fileRef = 5EE85CBB1FF300BD00BFA6B8 /* AlertController.m */; };
		5EE85CBF1FF3026400BFA6B8 /* ChatDetailsViewController.m in Sources */ = {isa = PBXBuildFile; fileRef = 5EE85CBE1FF3026400BFA6B8 /* ChatDetailsViewController.m */; };
/* End PBXBuildFile section */

/* Begin PBXFileReference section */
		1167B4A874811BCDF65F61CB /* Pods-BackendlessRTChatV2.debug.xcconfig */ = {isa = PBXFileReference; includeInIndex = 1; lastKnownFileType = text.xcconfig; name = "Pods-BackendlessRTChatV2.debug.xcconfig"; path = "Pods/Target Support Files/Pods-BackendlessRTChatV2/Pods-BackendlessRTChatV2.debug.xcconfig"; sourceTree = "<group>"; };
		26C36E232212401CD54B7FF5 /* Pods-BackendlessRTChatV2.release.xcconfig */ = {isa = PBXFileReference; includeInIndex = 1; lastKnownFileType = text.xcconfig; name = "Pods-BackendlessRTChatV2.release.xcconfig"; path = "Pods/Target Support Files/Pods-BackendlessRTChatV2/Pods-BackendlessRTChatV2.release.xcconfig"; sourceTree = "<group>"; };
		5AE548051FF3837A00660560 /* libbkndlss-simulator.a */ = {isa = PBXFileReference; lastKnownFileType = archive.ar; path = "libbkndlss-simulator.a"; sourceTree = "<group>"; };
		5AE548071FF3837A00660560 /* IArgumentObjectFactory.h */ = {isa = PBXFileReference; fileEncoding = 4; lastKnownFileType = sourcecode.c.h; path = IArgumentObjectFactory.h; sourceTree = "<group>"; };
		5AE548081FF3837A00660560 /* PublishOptions.h */ = {isa = PBXFileReference; fileEncoding = 4; lastKnownFileType = sourcecode.c.h; path = PublishOptions.h; sourceTree = "<group>"; };
		5AE548091FF3837A00660560 /* BackendlessCache.h */ = {isa = PBXFileReference; fileEncoding = 4; lastKnownFileType = sourcecode.c.h; path = BackendlessCache.h; sourceTree = "<group>"; };
		5AE5480A1FF3837A00660560 /* BaseRTMPProtocolEncoder.h */ = {isa = PBXFileReference; fileEncoding = 4; lastKnownFileType = sourcecode.c.h; path = BaseRTMPProtocolEncoder.h; sourceTree = "<group>"; };
		5AE5480B1FF3837A00660560 /* IDataStore.h */ = {isa = PBXFileReference; fileEncoding = 4; lastKnownFileType = sourcecode.c.h; path = IDataStore.h; sourceTree = "<group>"; };
		5AE5480C1FF3837A00660560 /* V3StringReader.h */ = {isa = PBXFileReference; fileEncoding = 4; lastKnownFileType = sourcecode.c.h; path = V3StringReader.h; sourceTree = "<group>"; };
		5AE5480D1FF3837A00660560 /* AMFBodyWriter.h */ = {isa = PBXFileReference; fileEncoding = 4; lastKnownFileType = sourcecode.c.h; path = AMFBodyWriter.h; sourceTree = "<group>"; };
		5AE5480E1FF3837A00660560 /* GeoMath.h */ = {isa = PBXFileReference; fileEncoding = 4; lastKnownFileType = sourcecode.c.h; path = GeoMath.h; sourceTree = "<group>"; };
		5AE5480F1FF3837A00660560 /* ObjectReferenceWriter.h */ = {isa = PBXFileReference; fileEncoding = 4; lastKnownFileType = sourcecode.c.h; path = ObjectReferenceWriter.h; sourceTree = "<group>"; };
		5AE548101FF3837A00660560 /* FlashorbBinaryReader.h */ = {isa = PBXFileReference; fileEncoding = 4; lastKnownFileType = sourcecode.c.h; path = FlashorbBinaryReader.h; sourceTree = "<group>"; };
		5AE548111FF3837A00660560 /* IRTMProtocol.h */ = {isa = PBXFileReference; fileEncoding = 4; lastKnownFileType = sourcecode.c.h; path = IRTMProtocol.h; sourceTree = "<group>"; };
		5AE548121FF3837A00660560 /* ProtectedBackendlessGeoQuery.h */ = {isa = PBXFileReference; fileEncoding = 4; lastKnownFileType = sourcecode.c.h; path = ProtectedBackendlessGeoQuery.h; sourceTree = "<group>"; };
		5AE548131FF3837A00660560 /* RTMethodRequest.h */ = {isa = PBXFileReference; fileEncoding = 4; lastKnownFileType = sourcecode.c.h; path = RTMethodRequest.h; sourceTree = "<group>"; };
		5AE548141FF3837A00660560 /* GeoPoint.h */ = {isa = PBXFileReference; fileEncoding = 4; lastKnownFileType = sourcecode.c.h; path = GeoPoint.h; sourceTree = "<group>"; };
		5AE548151FF3837A00660560 /* Backendless.h */ = {isa = PBXFileReference; fileEncoding = 4; lastKnownFileType = sourcecode.c.h; path = Backendless.h; sourceTree = "<group>"; };
		5AE548161FF3837A00660560 /* NumberReader.h */ = {isa = PBXFileReference; fileEncoding = 4; lastKnownFileType = sourcecode.c.h; path = NumberReader.h; sourceTree = "<group>"; };
		5AE548171FF3837A00660560 /* BodyHolderWriter.h */ = {isa = PBXFileReference; fileEncoding = 4; lastKnownFileType = sourcecode.c.h; path = BodyHolderWriter.h; sourceTree = "<group>"; };
		5AE548181FF3837A00660560 /* ReaderUtils.h */ = {isa = PBXFileReference; fileEncoding = 4; lastKnownFileType = sourcecode.c.h; path = ReaderUtils.h; sourceTree = "<group>"; };
		5AE548191FF3837A00660560 /* Backendless-Bridging-Header.h */ = {isa = PBXFileReference; fileEncoding = 4; lastKnownFileType = sourcecode.c.h; path = "Backendless-Bridging-Header.h"; sourceTree = "<group>"; };
		5AE5481A1FF3837A00660560 /* IVideoStreamCodec.h */ = {isa = PBXFileReference; fileEncoding = 4; lastKnownFileType = sourcecode.c.h; path = IVideoStreamCodec.h; sourceTree = "<group>"; };
		5AE5481B1FF3837A00660560 /* PointerReader.h */ = {isa = PBXFileReference; fileEncoding = 4; lastKnownFileType = sourcecode.c.h; path = PointerReader.h; sourceTree = "<group>"; };
		5AE5481C1FF3837A00660560 /* Engine.h */ = {isa = PBXFileReference; fileEncoding = 4; lastKnownFileType = sourcecode.c.h; path = Engine.h; sourceTree = "<group>"; };
		5AE5481D1FF3837A00660560 /* Channel.h */ = {isa = PBXFileReference; fileEncoding = 4; lastKnownFileType = sourcecode.c.h; path = Channel.h; sourceTree = "<group>"; };
		5AE5481E1FF3837A00660560 /* BodyHolder.h */ = {isa = PBXFileReference; fileEncoding = 4; lastKnownFileType = sourcecode.c.h; path = BodyHolder.h; sourceTree = "<group>"; };
		5AE5481F1FF3837A00660560 /* GeoFence.h */ = {isa = PBXFileReference; fileEncoding = 4; lastKnownFileType = sourcecode.c.h; path = GeoFence.h; sourceTree = "<group>"; };
		5AE548201FF3837A00660560 /* AMFMessageWriter.h */ = {isa = PBXFileReference; fileEncoding = 4; lastKnownFileType = sourcecode.c.h; path = AMFMessageWriter.h; sourceTree = "<group>"; };
		5AE548211FF3837A00660560 /* DEBUG.h */ = {isa = PBXFileReference; fileEncoding = 4; lastKnownFileType = sourcecode.c.h; path = DEBUG.h; sourceTree = "<group>"; };
		5AE548221FF3837A00660560 /* BackendlessFile.h */ = {isa = PBXFileReference; fileEncoding = 4; lastKnownFileType = sourcecode.c.h; path = BackendlessFile.h; sourceTree = "<group>"; };
		5AE548231FF3837A00660560 /* NamedObject.h */ = {isa = PBXFileReference; fileEncoding = 4; lastKnownFileType = sourcecode.c.h; path = NamedObject.h; sourceTree = "<group>"; };
		5AE548241FF3837A00660560 /* FlexMessage.h */ = {isa = PBXFileReference; fileEncoding = 4; lastKnownFileType = sourcecode.c.h; path = FlexMessage.h; sourceTree = "<group>"; };
		5AE548251FF3837A00660560 /* IAudioStreamCodec.h */ = {isa = PBXFileReference; fileEncoding = 4; lastKnownFileType = sourcecode.c.h; path = IAudioStreamCodec.h; sourceTree = "<group>"; };
		5AE548261FF3837A00660560 /* PendingCall.h */ = {isa = PBXFileReference; fileEncoding = 4; lastKnownFileType = sourcecode.c.h; path = PendingCall.h; sourceTree = "<group>"; };
		5AE548271FF3837A00660560 /* BeaconMonitoring.h */ = {isa = PBXFileReference; fileEncoding = 4; lastKnownFileType = sourcecode.c.h; path = BeaconMonitoring.h; sourceTree = "<group>"; };
		5AE548281FF3837A00660560 /* QueryOptionsBuilder.h */ = {isa = PBXFileReference; fileEncoding = 4; lastKnownFileType = sourcecode.c.h; path = QueryOptionsBuilder.h; sourceTree = "<group>"; };
		5AE548291FF3837A00660560 /* MHeader.h */ = {isa = PBXFileReference; fileEncoding = 4; lastKnownFileType = sourcecode.c.h; path = MHeader.h; sourceTree = "<group>"; };
		5AE5482A1FF3837A00660560 /* AnonymousObject.h */ = {isa = PBXFileReference; fileEncoding = 4; lastKnownFileType = sourcecode.c.h; path = AnonymousObject.h; sourceTree = "<group>"; };
		5AE5482B1FF3837A00660560 /* AbstractProperty.h */ = {isa = PBXFileReference; fileEncoding = 4; lastKnownFileType = sourcecode.c.h; path = AbstractProperty.h; sourceTree = "<group>"; };
		5AE5482C1FF3837A00660560 /* ByteArrayType.h */ = {isa = PBXFileReference; fileEncoding = 4; lastKnownFileType = sourcecode.c.h; path = ByteArrayType.h; sourceTree = "<group>"; };
		5AE5482D1FF3837A00660560 /* ORBConstants.h */ = {isa = PBXFileReference; fileEncoding = 4; lastKnownFileType = sourcecode.c.h; path = ORBConstants.h; sourceTree = "<group>"; };
		5AE5482E1FF3837A00660560 /* Header.h */ = {isa = PBXFileReference; fileEncoding = 4; lastKnownFileType = sourcecode.c.h; path = Header.h; sourceTree = "<group>"; };
		5AE5482F1FF3837A00660560 /* LocationTracker.h */ = {isa = PBXFileReference; fileEncoding = 4; lastKnownFileType = sourcecode.c.h; path = LocationTracker.h; sourceTree = "<group>"; };
		5AE548301FF3837A00660560 /* IRTMPEvent.h */ = {isa = PBXFileReference; fileEncoding = 4; lastKnownFileType = sourcecode.c.h; path = IRTMPEvent.h; sourceTree = "<group>"; };
		5AE548311FF3837A00660560 /* AMFHeaderWriter.h */ = {isa = PBXFileReference; fileEncoding = 4; lastKnownFileType = sourcecode.c.h; path = AMFHeaderWriter.h; sourceTree = "<group>"; };
		5AE548321FF3837A00660560 /* ISharedObjectListener.h */ = {isa = PBXFileReference; fileEncoding = 4; lastKnownFileType = sourcecode.c.h; path = ISharedObjectListener.h; sourceTree = "<group>"; };
		5AE548331FF3837A00660560 /* BodyParts.h */ = {isa = PBXFileReference; fileEncoding = 4; lastKnownFileType = sourcecode.c.h; path = BodyParts.h; sourceTree = "<group>"; };
		5AE548341FF3837A00660560 /* RTHelper.h */ = {isa = PBXFileReference; fileEncoding = 4; lastKnownFileType = sourcecode.c.h; path = RTHelper.h; sourceTree = "<group>"; };
		5AE548351FF3837A00660560 /* BackendlessBeacon.h */ = {isa = PBXFileReference; fileEncoding = 4; lastKnownFileType = sourcecode.c.h; path = BackendlessBeacon.h; sourceTree = "<group>"; };
		5AE548361FF3837A00660560 /* RTClient.h */ = {isa = PBXFileReference; fileEncoding = 4; lastKnownFileType = sourcecode.c.h; path = RTClient.h; sourceTree = "<group>"; };
		5AE548371FF3837A00660560 /* MessagingService.h */ = {isa = PBXFileReference; fileEncoding = 4; lastKnownFileType = sourcecode.c.h; path = MessagingService.h; sourceTree = "<group>"; };
		5AE548381FF3837A00660560 /* AmfV3Formatter.h */ = {isa = PBXFileReference; fileEncoding = 4; lastKnownFileType = sourcecode.c.h; path = AmfV3Formatter.h; sourceTree = "<group>"; };
		5AE548391FF3837A00660560 /* ReqMessage.h */ = {isa = PBXFileReference; fileEncoding = 4; lastKnownFileType = sourcecode.c.h; path = ReqMessage.h; sourceTree = "<group>"; };
		5AE5483A1FF3837A00660560 /* DateReader.h */ = {isa = PBXFileReference; fileEncoding = 4; lastKnownFileType = sourcecode.c.h; path = DateReader.h; sourceTree = "<group>"; };
		5AE5483B1FF3837A00660560 /* JSONHelper.h */ = {isa = PBXFileReference; fileEncoding = 4; lastKnownFileType = sourcecode.c.h; path = JSONHelper.h; sourceTree = "<group>"; };
		5AE5483C1FF3837A00660560 /* Types.h */ = {isa = PBXFileReference; fileEncoding = 4; lastKnownFileType = sourcecode.c.h; path = Types.h; sourceTree = "<group>"; };
		5AE5483D1FF3837A00660560 /* NotAReader.h */ = {isa = PBXFileReference; fileEncoding = 4; lastKnownFileType = sourcecode.c.h; path = NotAReader.h; sourceTree = "<group>"; };
		5AE5483E1FF3837A00660560 /* RTRSO.h */ = {isa = PBXFileReference; fileEncoding = 4; lastKnownFileType = sourcecode.c.h; path = RTRSO.h; sourceTree = "<group>"; };
		5AE5483F1FF3837A00660560 /* RTService.h */ = {isa = PBXFileReference; fileEncoding = 4; lastKnownFileType = sourcecode.c.h; path = RTService.h; sourceTree = "<group>"; };
		5AE548401FF3837A00660560 /* ICastingAttributeStore.h */ = {isa = PBXFileReference; fileEncoding = 4; lastKnownFileType = sourcecode.c.h; path = ICastingAttributeStore.h; sourceTree = "<group>"; };
		5AE548411FF3837A00660560 /* ITypeWriter.h */ = {isa = PBXFileReference; fileEncoding = 4; lastKnownFileType = sourcecode.c.h; path = ITypeWriter.h; sourceTree = "<group>"; };
		5AE548421FF3837A00660560 /* UTFStringReader.h */ = {isa = PBXFileReference; fileEncoding = 4; lastKnownFileType = sourcecode.c.h; path = UTFStringReader.h; sourceTree = "<group>"; };
		5AE548431FF3837A00660560 /* IClientSharedObjectDelegate.h */ = {isa = PBXFileReference; fileEncoding = 4; lastKnownFileType = sourcecode.c.h; path = IClientSharedObjectDelegate.h; sourceTree = "<group>"; };
		5AE548441FF3837A00660560 /* DataStoreFactory.h */ = {isa = PBXFileReference; fileEncoding = 4; lastKnownFileType = sourcecode.c.h; path = DataStoreFactory.h; sourceTree = "<group>"; };
		5AE548451FF3837A00660560 /* IClientSharedObject.h */ = {isa = PBXFileReference; fileEncoding = 4; lastKnownFileType = sourcecode.c.h; path = IClientSharedObject.h; sourceTree = "<group>"; };
		5AE548461FF3837A00660560 /* UserStatusObject.h */ = {isa = PBXFileReference; fileEncoding = 4; lastKnownFileType = sourcecode.c.h; path = UserStatusObject.h; sourceTree = "<group>"; };
		5AE548471FF3837A00660560 /* Body.h */ = {isa = PBXFileReference; fileEncoding = 4; lastKnownFileType = sourcecode.c.h; path = Body.h; sourceTree = "<group>"; };
		5AE548481FF3837A00660560 /* RTSubscription.h */ = {isa = PBXFileReference; fileEncoding = 4; lastKnownFileType = sourcecode.c.h; path = RTSubscription.h; sourceTree = "<group>"; };
		5AE548491FF3837A00660560 /* ArrayType.h */ = {isa = PBXFileReference; fileEncoding = 4; lastKnownFileType = sourcecode.c.h; path = ArrayType.h; sourceTree = "<group>"; };
		5AE5484A1FF3837A00660560 /* IServiceCall.h */ = {isa = PBXFileReference; fileEncoding = 4; lastKnownFileType = sourcecode.c.h; path = IServiceCall.h; sourceTree = "<group>"; };
		5AE5484B1FF3837A00660560 /* RTMPClient.h */ = {isa = PBXFileReference; fileEncoding = 4; lastKnownFileType = sourcecode.c.h; path = RTMPClient.h; sourceTree = "<group>"; };
		5AE5484C1FF3837A00660560 /* Invoker.h */ = {isa = PBXFileReference; fileEncoding = 4; lastKnownFileType = sourcecode.c.h; path = Invoker.h; sourceTree = "<group>"; };
		5AE5484D1FF3837A00660560 /* ArrayReader.h */ = {isa = PBXFileReference; fileEncoding = 4; lastKnownFileType = sourcecode.c.h; path = ArrayReader.h; sourceTree = "<group>"; };
		5AE5484E1FF3837A00660560 /* ServerCallback.h */ = {isa = PBXFileReference; fileEncoding = 4; lastKnownFileType = sourcecode.c.h; path = ServerCallback.h; sourceTree = "<group>"; };
		5AE5484F1FF3837A00660560 /* CacheService.h */ = {isa = PBXFileReference; fileEncoding = 4; lastKnownFileType = sourcecode.c.h; path = CacheService.h; sourceTree = "<group>"; };
		5AE548501FF3837A00660560 /* AbstractReferenceableTypeWriter.h */ = {isa = PBXFileReference; fileEncoding = 4; lastKnownFileType = sourcecode.c.h; path = AbstractReferenceableTypeWriter.h; sourceTree = "<group>"; };
		5AE548511FF3837A00660560 /* Events.h */ = {isa = PBXFileReference; fileEncoding = 4; lastKnownFileType = sourcecode.c.h; path = Events.h; sourceTree = "<group>"; };
		5AE548521FF3837A00660560 /* NullReader.h */ = {isa = PBXFileReference; fileEncoding = 4; lastKnownFileType = sourcecode.c.h; path = NullReader.h; sourceTree = "<group>"; };
		5AE548531FF3837A00660560 /* BaseEvent.h */ = {isa = PBXFileReference; fileEncoding = 4; lastKnownFileType = sourcecode.c.h; path = BaseEvent.h; sourceTree = "<group>"; };
		5AE548541FF3837A00660560 /* EventType.h */ = {isa = PBXFileReference; fileEncoding = 4; lastKnownFileType = sourcecode.c.h; path = EventType.h; sourceTree = "<group>"; };
		5AE548551FF3837A00660560 /* RTMessaging.h */ = {isa = PBXFileReference; fileEncoding = 4; lastKnownFileType = sourcecode.c.h; path = RTMessaging.h; sourceTree = "<group>"; };
		5AE548561FF3837A00660560 /* CommandObject.h */ = {isa = PBXFileReference; fileEncoding = 4; lastKnownFileType = sourcecode.c.h; path = CommandObject.h; sourceTree = "<group>"; };
		5AE548571FF3837A00660560 /* WeborbClient.h */ = {isa = PBXFileReference; fileEncoding = 4; lastKnownFileType = sourcecode.c.h; path = WeborbClient.h; sourceTree = "<group>"; };
		5AE548581FF3837A00660560 /* Presence.h */ = {isa = PBXFileReference; fileEncoding = 4; lastKnownFileType = sourcecode.c.h; path = Presence.h; sourceTree = "<group>"; };
		5AE548591FF3837A00660560 /* ClassCastException.h */ = {isa = PBXFileReference; fileEncoding = 4; lastKnownFileType = sourcecode.c.h; path = ClassCastException.h; sourceTree = "<group>"; };
		5AE5485A1FF3837A00660560 /* AuthorizationException.h */ = {isa = PBXFileReference; fileEncoding = 4; lastKnownFileType = sourcecode.c.h; path = AuthorizationException.h; sourceTree = "<group>"; };
		5AE5485B1FF3837A00660560 /* IServiceHandlerProvider.h */ = {isa = PBXFileReference; fileEncoding = 4; lastKnownFileType = sourcecode.c.h; path = IServiceHandlerProvider.h; sourceTree = "<group>"; };
		5AE5485C1FF3837A00660560 /* BooleanReader.h */ = {isa = PBXFileReference; fileEncoding = 4; lastKnownFileType = sourcecode.c.h; path = BooleanReader.h; sourceTree = "<group>"; };
		5AE5485D1FF3837A00660560 /* IProtocolFormatter.h */ = {isa = PBXFileReference; fileEncoding = 4; lastKnownFileType = sourcecode.c.h; path = IProtocolFormatter.h; sourceTree = "<group>"; };
		5AE5485E1FF3837A00660560 /* IEventListener.h */ = {isa = PBXFileReference; fileEncoding = 4; lastKnownFileType = sourcecode.c.h; path = IEventListener.h; sourceTree = "<group>"; };
		5AE5485F1FF3837A00660560 /* GeoFenceMonitoring.h */ = {isa = PBXFileReference; fileEncoding = 4; lastKnownFileType = sourcecode.c.h; path = GeoFenceMonitoring.h; sourceTree = "<group>"; };
		5AE548601FF3837A00660560 /* Message.h */ = {isa = PBXFileReference; fileEncoding = 4; lastKnownFileType = sourcecode.c.h; path = Message.h; sourceTree = "<group>"; };
		5AE548611FF3837A00660560 /* LogBuffer.h */ = {isa = PBXFileReference; fileEncoding = 4; lastKnownFileType = sourcecode.c.h; path = LogBuffer.h; sourceTree = "<group>"; };
		5AE548621FF3837A00660560 /* IPersistenceStore.h */ = {isa = PBXFileReference; fileEncoding = 4; lastKnownFileType = sourcecode.c.h; path = IPersistenceStore.h; sourceTree = "<group>"; };
		5AE548631FF3837A00660560 /* ISerializer.h */ = {isa = PBXFileReference; fileEncoding = 4; lastKnownFileType = sourcecode.c.h; path = ISerializer.h; sourceTree = "<group>"; };
		5AE548641FF3837A00660560 /* GeoCategory.h */ = {isa = PBXFileReference; fileEncoding = 4; lastKnownFileType = sourcecode.c.h; path = GeoCategory.h; sourceTree = "<group>"; };
		5AE548651FF3837A00660560 /* DateType.h */ = {isa = PBXFileReference; fileEncoding = 4; lastKnownFileType = sourcecode.c.h; path = DateType.h; sourceTree = "<group>"; };
		5AE548661FF3837A00660560 /* ObjectProperty.h */ = {isa = PBXFileReference; fileEncoding = 4; lastKnownFileType = sourcecode.c.h; path = ObjectProperty.h; sourceTree = "<group>"; };
		5AE548671FF3837A00660560 /* RTMProtocol.h */ = {isa = PBXFileReference; fileEncoding = 4; lastKnownFileType = sourcecode.c.h; path = RTMProtocol.h; sourceTree = "<group>"; };
		5AE548681FF3837A00660560 /* KeychainDataStore.h */ = {isa = PBXFileReference; fileEncoding = 4; lastKnownFileType = sourcecode.c.h; path = KeychainDataStore.h; sourceTree = "<group>"; };
		5AE548691FF3837A00660560 /* HashMap.h */ = {isa = PBXFileReference; fileEncoding = 4; lastKnownFileType = sourcecode.c.h; path = HashMap.h; sourceTree = "<group>"; };
		5AE5486A1FF3837A00660560 /* ISharedObjectMessage.h */ = {isa = PBXFileReference; fileEncoding = 4; lastKnownFileType = sourcecode.c.h; path = ISharedObjectMessage.h; sourceTree = "<group>"; };
		5AE5486B1FF3837A00660560 /* QueryOptions.h */ = {isa = PBXFileReference; fileEncoding = 4; lastKnownFileType = sourcecode.c.h; path = QueryOptions.h; sourceTree = "<group>"; };
		5AE5486C1FF3837A00660560 /* V3DateReader.h */ = {isa = PBXFileReference; fileEncoding = 4; lastKnownFileType = sourcecode.c.h; path = V3DateReader.h; sourceTree = "<group>"; };
		5AE5486D1FF3837A00660560 /* Logging.h */ = {isa = PBXFileReference; fileEncoding = 4; lastKnownFileType = sourcecode.c.h; path = Logging.h; sourceTree = "<group>"; };
		5AE5486E1FF3837A00660560 /* BoundPropertyBagWriter.h */ = {isa = PBXFileReference; fileEncoding = 4; lastKnownFileType = sourcecode.c.h; path = BoundPropertyBagWriter.h; sourceTree = "<group>"; };
		5AE5486F1FF3837A00660560 /* FileService.h */ = {isa = PBXFileReference; fileEncoding = 4; lastKnownFileType = sourcecode.c.h; path = FileService.h; sourceTree = "<group>"; };
		5AE548701FF3837A00660560 /* Call.h */ = {isa = PBXFileReference; fileEncoding = 4; lastKnownFileType = sourcecode.c.h; path = Call.h; sourceTree = "<group>"; };
		5AE548711FF3837A00660560 /* MetaData.h */ = {isa = PBXFileReference; fileEncoding = 4; lastKnownFileType = sourcecode.c.h; path = MetaData.h; sourceTree = "<group>"; };
		5AE548721FF3837A00660560 /* RTMethod.h */ = {isa = PBXFileReference; fileEncoding = 4; lastKnownFileType = sourcecode.c.h; path = RTMethod.h; sourceTree = "<group>"; };
		5AE548731FF3837A00660560 /* SharedObjectEventType.h */ = {isa = PBXFileReference; fileEncoding = 4; lastKnownFileType = sourcecode.c.h; path = SharedObjectEventType.h; sourceTree = "<group>"; };
		5AE548741FF3837A00660560 /* StringWriter.h */ = {isa = PBXFileReference; fileEncoding = 4; lastKnownFileType = sourcecode.c.h; path = StringWriter.h; sourceTree = "<group>"; };
		5AE548751FF3837A00660560 /* Aggregate.h */ = {isa = PBXFileReference; fileEncoding = 4; lastKnownFileType = sourcecode.c.h; path = Aggregate.h; sourceTree = "<group>"; };
		5AE548761FF3837A00660560 /* LoadRelationsQueryBuilder.h */ = {isa = PBXFileReference; fileEncoding = 4; lastKnownFileType = sourcecode.c.h; path = LoadRelationsQueryBuilder.h; sourceTree = "<group>"; };
		5AE548771FF3837A00660560 /* IPendingServiceCall.h */ = {isa = PBXFileReference; fileEncoding = 4; lastKnownFileType = sourcecode.c.h; path = IPendingServiceCall.h; sourceTree = "<group>"; };
		5AE548781FF3837A00660560 /* RemoteSharedObject.h */ = {isa = PBXFileReference; fileEncoding = 4; lastKnownFileType = sourcecode.c.h; path = RemoteSharedObject.h; sourceTree = "<group>"; };
		5AE548791FF3837A00660560 /* BackendlessPushHelper.h */ = {isa = PBXFileReference; fileEncoding = 4; lastKnownFileType = sourcecode.c.h; path = BackendlessPushHelper.h; sourceTree = "<group>"; };
		5AE5487A1FF3837A00660560 /* IStreamPacket.h */ = {isa = PBXFileReference; fileEncoding = 4; lastKnownFileType = sourcecode.c.h; path = IStreamPacket.h; sourceTree = "<group>"; };
		5AE5487B1FF3837A00660560 /* MessageWriter.h */ = {isa = PBXFileReference; fileEncoding = 4; lastKnownFileType = sourcecode.c.h; path = MessageWriter.h; sourceTree = "<group>"; };
		5AE5487C1FF3837A00660560 /* Invoke.h */ = {isa = PBXFileReference; fileEncoding = 4; lastKnownFileType = sourcecode.c.h; path = Invoke.h; sourceTree = "<group>"; };
		5AE5487D1FF3837A00660560 /* RSOClearedObject.h */ = {isa = PBXFileReference; fileEncoding = 4; lastKnownFileType = sourcecode.c.h; path = RSOClearedObject.h; sourceTree = "<group>"; };
		5AE5487E1FF3837A00660560 /* HttpEngine.h */ = {isa = PBXFileReference; fileEncoding = 4; lastKnownFileType = sourcecode.c.h; path = HttpEngine.h; sourceTree = "<group>"; };
		5AE5487F1FF3837A00660560 /* NamedObjectReader.h */ = {isa = PBXFileReference; fileEncoding = 4; lastKnownFileType = sourcecode.c.h; path = NamedObjectReader.h; sourceTree = "<group>"; };
		5AE548801FF3837A00660560 /* V3ObjectSerializer.h */ = {isa = PBXFileReference; fileEncoding = 4; lastKnownFileType = sourcecode.c.h; path = V3ObjectSerializer.h; sourceTree = "<group>"; };
		5AE548811FF3837A00660560 /* ErrMessage.h */ = {isa = PBXFileReference; fileEncoding = 4; lastKnownFileType = sourcecode.c.h; path = ErrMessage.h; sourceTree = "<group>"; };
		5AE548821FF3837A00660560 /* IEventDispatcher.h */ = {isa = PBXFileReference; fileEncoding = 4; lastKnownFileType = sourcecode.c.h; path = IEventDispatcher.h; sourceTree = "<group>"; };
		5AE548831FF3837A00660560 /* UserProperty.h */ = {isa = PBXFileReference; fileEncoding = 4; lastKnownFileType = sourcecode.c.h; path = UserProperty.h; sourceTree = "<group>"; };
		5AE548841FF3837A00660560 /* Datatypes.h */ = {isa = PBXFileReference; fileEncoding = 4; lastKnownFileType = sourcecode.c.h; path = Datatypes.h; sourceTree = "<group>"; };
		5AE548851FF3837A00660560 /* SharedObjectEvent.h */ = {isa = PBXFileReference; fileEncoding = 4; lastKnownFileType = sourcecode.c.h; path = SharedObjectEvent.h; sourceTree = "<group>"; };
		5AE548861FF3837A00660560 /* BinaryStream.h */ = {isa = PBXFileReference; fileEncoding = 4; lastKnownFileType = sourcecode.c.h; path = BinaryStream.h; sourceTree = "<group>"; };
		5AE548871FF3837A00660560 /* RTDataStore.h */ = {isa = PBXFileReference; fileEncoding = 4; lastKnownFileType = sourcecode.c.h; path = RTDataStore.h; sourceTree = "<group>"; };
		5AE548881FF3837A00660560 /* PagedQueryBuilder.h */ = {isa = PBXFileReference; fileEncoding = 4; lastKnownFileType = sourcecode.c.h; path = PagedQueryBuilder.h; sourceTree = "<group>"; };
		5AE548891FF3837A00660560 /* BeaconTracker.h */ = {isa = PBXFileReference; fileEncoding = 4; lastKnownFileType = sourcecode.c.h; path = BeaconTracker.h; sourceTree = "<group>"; };
		5AE5488A1FF3837A00660560 /* IAtomicCounters.h */ = {isa = PBXFileReference; fileEncoding = 4; lastKnownFileType = sourcecode.c.h; path = IAtomicCounters.h; sourceTree = "<group>"; };
		5AE5488B1FF3837A00660560 /* AbstractUnreferenceableTypeWriter.h */ = {isa = PBXFileReference; fileEncoding = 4; lastKnownFileType = sourcecode.c.h; path = AbstractUnreferenceableTypeWriter.h; sourceTree = "<group>"; };
		5AE5488C1FF3837A00660560 /* BackendlessCacheProtocol.h */ = {isa = PBXFileReference; fileEncoding = 4; lastKnownFileType = sourcecode.c.h; path = BackendlessCacheProtocol.h; sourceTree = "<group>"; };
		5AE5488D1FF3837A00660560 /* SharedObject.h */ = {isa = PBXFileReference; fileEncoding = 4; lastKnownFileType = sourcecode.c.h; path = SharedObject.h; sourceTree = "<group>"; };
		5AE5488E1FF3837A00660560 /* V3ArrayReader.h */ = {isa = PBXFileReference; fileEncoding = 4; lastKnownFileType = sourcecode.c.h; path = V3ArrayReader.h; sourceTree = "<group>"; };
		5AE5488F1FF3837A00660560 /* AttributeStore.h */ = {isa = PBXFileReference; fileEncoding = 4; lastKnownFileType = sourcecode.c.h; path = AttributeStore.h; sourceTree = "<group>"; };
		5AE548901FF3837A00660560 /* V3Reader.h */ = {isa = PBXFileReference; fileEncoding = 4; lastKnownFileType = sourcecode.c.h; path = V3Reader.h; sourceTree = "<group>"; };
		5AE548911FF3837A00660560 /* CrowdNode.h */ = {isa = PBXFileReference; fileEncoding = 4; lastKnownFileType = sourcecode.c.h; path = CrowdNode.h; sourceTree = "<group>"; };
		5AE548921FF3837A00660560 /* ICacheService.h */ = {isa = PBXFileReference; fileEncoding = 4; lastKnownFileType = sourcecode.c.h; path = ICacheService.h; sourceTree = "<group>"; };
		5AE548931FF3837A00660560 /* AbstractQuery.h */ = {isa = PBXFileReference; fileEncoding = 4; lastKnownFileType = sourcecode.c.h; path = AbstractQuery.h; sourceTree = "<group>"; };
		5AE548941FF3837A00660560 /* DateWriter.h */ = {isa = PBXFileReference; fileEncoding = 4; lastKnownFileType = sourcecode.c.h; path = DateWriter.h; sourceTree = "<group>"; };
		5AE548951FF3837A00660560 /* ObjectSerializer.h */ = {isa = PBXFileReference; fileEncoding = 4; lastKnownFileType = sourcecode.c.h; path = ObjectSerializer.h; sourceTree = "<group>"; };
		5AE548961FF3837A00660560 /* CacheFactory.h */ = {isa = PBXFileReference; fileEncoding = 4; lastKnownFileType = sourcecode.c.h; path = CacheFactory.h; sourceTree = "<group>"; };
		5AE548971FF3837A00660560 /* DeviceRegistration.h */ = {isa = PBXFileReference; fileEncoding = 4; lastKnownFileType = sourcecode.c.h; path = DeviceRegistration.h; sourceTree = "<group>"; };
		5AE548981FF3837A00660560 /* IDeserializer.h */ = {isa = PBXFileReference; fileEncoding = 4; lastKnownFileType = sourcecode.c.h; path = IDeserializer.h; sourceTree = "<group>"; };
		5AE548991FF3837A00660560 /* RTPersistence.h */ = {isa = PBXFileReference; fileEncoding = 4; lastKnownFileType = sourcecode.c.h; path = RTPersistence.h; sourceTree = "<group>"; };
		5AE5489A1FF3837A00660560 /* BooleanType.h */ = {isa = PBXFileReference; fileEncoding = 4; lastKnownFileType = sourcecode.c.h; path = BooleanType.h; sourceTree = "<group>"; };
		5AE5489B1FF3837A00660560 /* V3ObjectReader.h */ = {isa = PBXFileReference; fileEncoding = 4; lastKnownFileType = sourcecode.c.h; path = V3ObjectReader.h; sourceTree = "<group>"; };
		5AE5489C1FF3837A00660560 /* BackendlessSimpleQuery.h */ = {isa = PBXFileReference; fileEncoding = 4; lastKnownFileType = sourcecode.c.h; path = BackendlessSimpleQuery.h; sourceTree = "<group>"; };
		5AE5489D1FF3837A00660560 /* BackendlessCacheKey.h */ = {isa = PBXFileReference; fileEncoding = 4; lastKnownFileType = sourcecode.c.h; path = BackendlessCacheKey.h; sourceTree = "<group>"; };
		5AE5489E1FF3837A00660560 /* GeoService.h */ = {isa = PBXFileReference; fileEncoding = 4; lastKnownFileType = sourcecode.c.h; path = GeoService.h; sourceTree = "<group>"; };
		5AE5489F1FF3837A00660560 /* CustomService.h */ = {isa = PBXFileReference; fileEncoding = 4; lastKnownFileType = sourcecode.c.h; path = CustomService.h; sourceTree = "<group>"; };
		5AE548A01FF3837A00660560 /* IEvent.h */ = {isa = PBXFileReference; fileEncoding = 4; lastKnownFileType = sourcecode.c.h; path = IEvent.h; sourceTree = "<group>"; };
		5AE548A11FF3837A00660560 /* BinaryCodec.h */ = {isa = PBXFileReference; fileEncoding = 4; lastKnownFileType = sourcecode.c.h; path = BinaryCodec.h; sourceTree = "<group>"; };
		5AE548A21FF3837A00660560 /* WebORBSerializer.h */ = {isa = PBXFileReference; fileEncoding = 4; lastKnownFileType = sourcecode.c.h; path = WebORBSerializer.h; sourceTree = "<group>"; };
		5AE548A31FF3837A00660560 /* UserStatusObjectData.h */ = {isa = PBXFileReference; fileEncoding = 4; lastKnownFileType = sourcecode.c.h; path = UserStatusObjectData.h; sourceTree = "<group>"; };
		5AE548A41FF3837A00660560 /* V3VectorReader.h */ = {isa = PBXFileReference; fileEncoding = 4; lastKnownFileType = sourcecode.c.h; path = V3VectorReader.h; sourceTree = "<group>"; };
		5AE548A51FF3837A00660560 /* FlashorbBinaryWriter.h */ = {isa = PBXFileReference; fileEncoding = 4; lastKnownFileType = sourcecode.c.h; path = FlashorbBinaryWriter.h; sourceTree = "<group>"; };
		5AE548A61FF3837A00660560 /* GeoCluster.h */ = {isa = PBXFileReference; fileEncoding = 4; lastKnownFileType = sourcecode.c.h; path = GeoCluster.h; sourceTree = "<group>"; };
		5AE548A71FF3837A00660560 /* RTListener.h */ = {isa = PBXFileReference; fileEncoding = 4; lastKnownFileType = sourcecode.c.h; path = RTListener.h; sourceTree = "<group>"; };
		5AE548A81FF3837A00660560 /* PropertyBagWriter.h */ = {isa = PBXFileReference; fileEncoding = 4; lastKnownFileType = sourcecode.c.h; path = PropertyBagWriter.h; sourceTree = "<group>"; };
		5AE548A91FF3837A00660560 /* Packet.h */ = {isa = PBXFileReference; fileEncoding = 4; lastKnownFileType = sourcecode.c.h; path = Packet.h; sourceTree = "<group>"; };
		5AE548AA1FF3837A00660560 /* FilePermission.h */ = {isa = PBXFileReference; fileEncoding = 4; lastKnownFileType = sourcecode.c.h; path = FilePermission.h; sourceTree = "<group>"; };
		5AE548AB1FF3837A00660560 /* ISharedObjectEvent.h */ = {isa = PBXFileReference; fileEncoding = 4; lastKnownFileType = sourcecode.c.h; path = ISharedObjectEvent.h; sourceTree = "<group>"; };
		5AE548AC1FF3837A00660560 /* AsyncMessage.h */ = {isa = PBXFileReference; fileEncoding = 4; lastKnownFileType = sourcecode.c.h; path = AsyncMessage.h; sourceTree = "<group>"; };
		5AE548AD1FF3837A00660560 /* IAttributeStore.h */ = {isa = PBXFileReference; fileEncoding = 4; lastKnownFileType = sourcecode.c.h; path = IAttributeStore.h; sourceTree = "<group>"; };
		5AE548AE1FF3837A00660560 /* IntegerReader.h */ = {isa = PBXFileReference; fileEncoding = 4; lastKnownFileType = sourcecode.c.h; path = IntegerReader.h; sourceTree = "<group>"; };
		5AE548AF1FF3837A00660560 /* IObjectSerializer.h */ = {isa = PBXFileReference; fileEncoding = 4; lastKnownFileType = sourcecode.c.h; path = IObjectSerializer.h; sourceTree = "<group>"; };
		5AE548B01FF3837A00660560 /* AtomicCounters.h */ = {isa = PBXFileReference; fileEncoding = 4; lastKnownFileType = sourcecode.c.h; path = AtomicCounters.h; sourceTree = "<group>"; };
		5AE548B11FF3837A00660560 /* V3ReferenceCache.h */ = {isa = PBXFileReference; fileEncoding = 4; lastKnownFileType = sourcecode.c.h; path = V3ReferenceCache.h; sourceTree = "<group>"; };
		5AE548B21FF3837A00660560 /* IPendingServiceCallback.h */ = {isa = PBXFileReference; fileEncoding = 4; lastKnownFileType = sourcecode.c.h; path = IPendingServiceCallback.h; sourceTree = "<group>"; };
		5AE548B31FF3837A00660560 /* IPresenceListener.h */ = {isa = PBXFileReference; fileEncoding = 4; lastKnownFileType = sourcecode.c.h; path = IPresenceListener.h; sourceTree = "<group>"; };
		5AE548B41FF3837A00660560 /* BackendlessGeoQuery.h */ = {isa = PBXFileReference; fileEncoding = 4; lastKnownFileType = sourcecode.c.h; path = BackendlessGeoQuery.h; sourceTree = "<group>"; };
		5AE548B51FF3837A00660560 /* InvokeObject.h */ = {isa = PBXFileReference; fileEncoding = 4; lastKnownFileType = sourcecode.c.h; path = InvokeObject.h; sourceTree = "<group>"; };
		5AE548B61FF3837A00660560 /* Subscription.h */ = {isa = PBXFileReference; fileEncoding = 4; lastKnownFileType = sourcecode.c.h; path = Subscription.h; sourceTree = "<group>"; };
		5AE548B71FF3837A00660560 /* UICKeyChainStore.h */ = {isa = PBXFileReference; fileEncoding = 4; lastKnownFileType = sourcecode.c.h; path = UICKeyChainStore.h; sourceTree = "<group>"; };
		5AE548B81FF3837A00660560 /* DataQueryBuilder.h */ = {isa = PBXFileReference; fileEncoding = 4; lastKnownFileType = sourcecode.c.h; path = DataQueryBuilder.h; sourceTree = "<group>"; };
		5AE548B91FF3837A00660560 /* ClientCallback.h */ = {isa = PBXFileReference; fileEncoding = 4; lastKnownFileType = sourcecode.c.h; path = ClientCallback.h; sourceTree = "<group>"; };
		5AE548BA1FF3837A00660560 /* BulkResultObject.h */ = {isa = PBXFileReference; fileEncoding = 4; lastKnownFileType = sourcecode.c.h; path = BulkResultObject.h; sourceTree = "<group>"; };
		5AE548BB1FF3837A00660560 /* RequestParser.h */ = {isa = PBXFileReference; fileEncoding = 4; lastKnownFileType = sourcecode.c.h; path = RequestParser.h; sourceTree = "<group>"; };
		5AE548BC1FF3837A00660560 /* BackendlessEntity.h */ = {isa = PBXFileReference; fileEncoding = 4; lastKnownFileType = sourcecode.c.h; path = BackendlessEntity.h; sourceTree = "<group>"; };
		5AE548BD1FF3837A00660560 /* NumberWriter.h */ = {isa = PBXFileReference; fileEncoding = 4; lastKnownFileType = sourcecode.c.h; path = NumberWriter.h; sourceTree = "<group>"; };
		5AE548BE1FF3837A00660560 /* Request.h */ = {isa = PBXFileReference; fileEncoding = 4; lastKnownFileType = sourcecode.c.h; path = Request.h; sourceTree = "<group>"; };
		5AE548BF1FF3837A00660560 /* NumberObject.h */ = {isa = PBXFileReference; fileEncoding = 4; lastKnownFileType = sourcecode.c.h; path = NumberObject.h; sourceTree = "<group>"; };
		5AE548C01FF3837A00660560 /* MultiDimArrayWriter.h */ = {isa = PBXFileReference; fileEncoding = 4; lastKnownFileType = sourcecode.c.h; path = MultiDimArrayWriter.h; sourceTree = "<group>"; };
		5AE548C11FF3837A00660560 /* ISharedObjectBase.h */ = {isa = PBXFileReference; fileEncoding = 4; lastKnownFileType = sourcecode.c.h; path = ISharedObjectBase.h; sourceTree = "<group>"; };
		5AE548C21FF3837A00660560 /* IStreamDispatcher.h */ = {isa = PBXFileReference; fileEncoding = 4; lastKnownFileType = sourcecode.c.h; path = IStreamDispatcher.h; sourceTree = "<group>"; };
		5AE548C31FF3837A00660560 /* ReferenceCache.h */ = {isa = PBXFileReference; fileEncoding = 4; lastKnownFileType = sourcecode.c.h; path = ReferenceCache.h; sourceTree = "<group>"; };
		5AE548C41FF3837A00660560 /* IServiceObjectFactory.h */ = {isa = PBXFileReference; fileEncoding = 4; lastKnownFileType = sourcecode.c.h; path = IServiceObjectFactory.h; sourceTree = "<group>"; };
		5AE548C51FF3837A00660560 /* ClassDefinition.h */ = {isa = PBXFileReference; fileEncoding = 4; lastKnownFileType = sourcecode.c.h; path = ClassDefinition.h; sourceTree = "<group>"; };
		5AE548C61FF3837A00660560 /* BackendlessCachePolicy.h */ = {isa = PBXFileReference; fileEncoding = 4; lastKnownFileType = sourcecode.c.h; path = BackendlessCachePolicy.h; sourceTree = "<group>"; };
		5AE548C71FF3837A00660560 /* IPersistable.h */ = {isa = PBXFileReference; fileEncoding = 4; lastKnownFileType = sourcecode.c.h; path = IPersistable.h; sourceTree = "<group>"; };
		5AE548C81FF3837A00660560 /* MapDrivenDataStore.h */ = {isa = PBXFileReference; fileEncoding = 4; lastKnownFileType = sourcecode.c.h; path = MapDrivenDataStore.h; sourceTree = "<group>"; };
		5AE548C91FF3837A00660560 /* ICacheableAdaptingType.h */ = {isa = PBXFileReference; fileEncoding = 4; lastKnownFileType = sourcecode.c.h; path = ICacheableAdaptingType.h; sourceTree = "<group>"; };
		5AE548CA1FF3837A00660560 /* StringReferenceWriter.h */ = {isa = PBXFileReference; fileEncoding = 4; lastKnownFileType = sourcecode.c.h; path = StringReferenceWriter.h; sourceTree = "<group>"; };
		5AE548CB1FF3837A00660560 /* AtomicCountersFactory.h */ = {isa = PBXFileReference; fileEncoding = 4; lastKnownFileType = sourcecode.c.h; path = AtomicCountersFactory.h; sourceTree = "<group>"; };
		5AE548CC1FF3837A00660560 /* NotifyEvent.h */ = {isa = PBXFileReference; fileEncoding = 4; lastKnownFileType = sourcecode.c.h; path = NotifyEvent.h; sourceTree = "<group>"; };
		5AE548CD1FF3837A00660560 /* BackendlessUser.h */ = {isa = PBXFileReference; fileEncoding = 4; lastKnownFileType = sourcecode.c.h; path = BackendlessUser.h; sourceTree = "<group>"; };
		5AE548CE1FF3837A00660560 /* ObjectFactories.h */ = {isa = PBXFileReference; fileEncoding = 4; lastKnownFileType = sourcecode.c.h; path = ObjectFactories.h; sourceTree = "<group>"; };
		5AE548CF1FF3837A00660560 /* Logger.h */ = {isa = PBXFileReference; fileEncoding = 4; lastKnownFileType = sourcecode.c.h; path = Logger.h; sourceTree = "<group>"; };
		5AE548D01FF3837A00660560 /* BoundPropertyBagReader.h */ = {isa = PBXFileReference; fileEncoding = 4; lastKnownFileType = sourcecode.c.h; path = BoundPropertyBagReader.h; sourceTree = "<group>"; };
		5AE548D11FF3837A00660560 /* StringType.h */ = {isa = PBXFileReference; fileEncoding = 4; lastKnownFileType = sourcecode.c.h; path = StringType.h; sourceTree = "<group>"; };
		5AE548D21FF3837A00660560 /* NullType.h */ = {isa = PBXFileReference; fileEncoding = 4; lastKnownFileType = sourcecode.c.h; path = NullType.h; sourceTree = "<group>"; };
		5AE548D31FF3837A00660560 /* AmfFormatter.h */ = {isa = PBXFileReference; fileEncoding = 4; lastKnownFileType = sourcecode.c.h; path = AmfFormatter.h; sourceTree = "<group>"; };
		5AE548D41FF3837A00660560 /* WebORBDeserializer.h */ = {isa = PBXFileReference; fileEncoding = 4; lastKnownFileType = sourcecode.c.h; path = WebORBDeserializer.h; sourceTree = "<group>"; };
		5AE548D51FF3837A00660560 /* V3ByteArrayReader.h */ = {isa = PBXFileReference; fileEncoding = 4; lastKnownFileType = sourcecode.c.h; path = V3ByteArrayReader.h; sourceTree = "<group>"; };
		5AE548D61FF3837A00660560 /* AckMessage.h */ = {isa = PBXFileReference; fileEncoding = 4; lastKnownFileType = sourcecode.c.h; path = AckMessage.h; sourceTree = "<group>"; };
		5AE548D71FF3837A00660560 /* ISharedObjectHandlerProvider.h */ = {isa = PBXFileReference; fileEncoding = 4; lastKnownFileType = sourcecode.c.h; path = ISharedObjectHandlerProvider.h; sourceTree = "<group>"; };
		5AE548D81FF3837A00660560 /* MessageStatus.h */ = {isa = PBXFileReference; fileEncoding = 4; lastKnownFileType = sourcecode.c.h; path = MessageStatus.h; sourceTree = "<group>"; };
		5AE548D91FF3837A00660560 /* ArrayWriter.h */ = {isa = PBXFileReference; fileEncoding = 4; lastKnownFileType = sourcecode.c.h; path = ArrayWriter.h; sourceTree = "<group>"; };
		5AE548DA1FF3837A00660560 /* BackendlessDataQuery.h */ = {isa = PBXFileReference; fileEncoding = 4; lastKnownFileType = sourcecode.c.h; path = BackendlessDataQuery.h; sourceTree = "<group>"; };
		5AE548DB1FF3837A00660560 /* Responder.h */ = {isa = PBXFileReference; fileEncoding = 4; lastKnownFileType = sourcecode.c.h; path = Responder.h; sourceTree = "<group>"; };
		5AE548DC1FF3837A00660560 /* SharedObjectMessage.h */ = {isa = PBXFileReference; fileEncoding = 4; lastKnownFileType = sourcecode.c.h; path = SharedObjectMessage.h; sourceTree = "<group>"; };
		5AE548DD1FF3837A00660560 /* ICallback.h */ = {isa = PBXFileReference; fileEncoding = 4; lastKnownFileType = sourcecode.c.h; path = ICallback.h; sourceTree = "<group>"; };
		5AE548DE1FF3837A00660560 /* ObjectWriter.h */ = {isa = PBXFileReference; fileEncoding = 4; lastKnownFileType = sourcecode.c.h; path = ObjectWriter.h; sourceTree = "<group>"; };
		5AE548DF1FF3837A00660560 /* RTMPConstants.h */ = {isa = PBXFileReference; fileEncoding = 4; lastKnownFileType = sourcecode.c.h; path = RTMPConstants.h; sourceTree = "<group>"; };
		5AE548E01FF3837A00660560 /* ITypeReader.h */ = {isa = PBXFileReference; fileEncoding = 4; lastKnownFileType = sourcecode.c.h; path = ITypeReader.h; sourceTree = "<group>"; };
		5AE548E11FF3837A00660560 /* UserService.h */ = {isa = PBXFileReference; fileEncoding = 4; lastKnownFileType = sourcecode.c.h; path = UserService.h; sourceTree = "<group>"; };
		5AE548E21FF3837A00660560 /* DeliveryOptions.h */ = {isa = PBXFileReference; fileEncoding = 4; lastKnownFileType = sourcecode.c.h; path = DeliveryOptions.h; sourceTree = "<group>"; };
		5AE548E31FF3837A00660560 /* PersistenceService.h */ = {isa = PBXFileReference; fileEncoding = 4; lastKnownFileType = sourcecode.c.h; path = PersistenceService.h; sourceTree = "<group>"; };
		5AE548E41FF3837A00660560 /* IAdaptingType.h */ = {isa = PBXFileReference; fileEncoding = 4; lastKnownFileType = sourcecode.c.h; path = IAdaptingType.h; sourceTree = "<group>"; };
		5AE548E51FF3837A00660560 /* UndefinedType.h */ = {isa = PBXFileReference; fileEncoding = 4; lastKnownFileType = sourcecode.c.h; path = UndefinedType.h; sourceTree = "<group>"; };
		5AE548E61FF3837A00660560 /* AnonymousObjectReader.h */ = {isa = PBXFileReference; fileEncoding = 4; lastKnownFileType = sourcecode.c.h; path = AnonymousObjectReader.h; sourceTree = "<group>"; };
		5AE548E71FF3837A00660560 /* BackendlessCacheData.h */ = {isa = PBXFileReference; fileEncoding = 4; lastKnownFileType = sourcecode.c.h; path = BackendlessCacheData.h; sourceTree = "<group>"; };
		5AE548E81FF3837A00660560 /* UndefinedTypeReader.h */ = {isa = PBXFileReference; fileEncoding = 4; lastKnownFileType = sourcecode.c.h; path = UndefinedTypeReader.h; sourceTree = "<group>"; };
		5AE548E91FF3837A00660560 /* DataPermission.h */ = {isa = PBXFileReference; fileEncoding = 4; lastKnownFileType = sourcecode.c.h; path = DataPermission.h; sourceTree = "<group>"; };
		5AE548EA1FF3837A00660560 /* ClientSharedObject.h */ = {isa = PBXFileReference; fileEncoding = 4; lastKnownFileType = sourcecode.c.h; path = ClientSharedObject.h; sourceTree = "<group>"; };
		5AE548EB1FF3837A00660560 /* Ping.h */ = {isa = PBXFileReference; fileEncoding = 4; lastKnownFileType = sourcecode.c.h; path = Ping.h; sourceTree = "<group>"; };
		5AE548EC1FF3837A00660560 /* ParseContext.h */ = {isa = PBXFileReference; fileEncoding = 4; lastKnownFileType = sourcecode.c.h; path = ParseContext.h; sourceTree = "<group>"; };
		5AE548ED1FF3837A00660560 /* AMFSerializer.h */ = {isa = PBXFileReference; fileEncoding = 4; lastKnownFileType = sourcecode.c.h; path = AMFSerializer.h; sourceTree = "<group>"; };
		5AE548EE1FF3837A00660560 /* BooleanWriter.h */ = {isa = PBXFileReference; fileEncoding = 4; lastKnownFileType = sourcecode.c.h; path = BooleanWriter.h; sourceTree = "<group>"; };
		5AE548EF1FF3837A00660560 /* RSOChangesObject.h */ = {isa = PBXFileReference; fileEncoding = 4; lastKnownFileType = sourcecode.c.h; path = RSOChangesObject.h; sourceTree = "<group>"; };
		5AE548F01FF3837A00660560 /* LongUTFStringReader.h */ = {isa = PBXFileReference; fileEncoding = 4; lastKnownFileType = sourcecode.c.h; path = LongUTFStringReader.h; sourceTree = "<group>"; };
		5AE548F11FF3837A00660560 /* VideoData.h */ = {isa = PBXFileReference; fileEncoding = 4; lastKnownFileType = sourcecode.c.h; path = VideoData.h; sourceTree = "<group>"; };
		5AE548F21FF3837A00660560 /* BaseRTMPProtocolDecoder.h */ = {isa = PBXFileReference; fileEncoding = 4; lastKnownFileType = sourcecode.c.h; path = BaseRTMPProtocolDecoder.h; sourceTree = "<group>"; };
		5AE548F31FF3837A00660560 /* ArrayReferenceWriter.h */ = {isa = PBXFileReference; fileEncoding = 4; lastKnownFileType = sourcecode.c.h; path = ArrayReferenceWriter.h; sourceTree = "<group>"; };
		5AE548F41FF3837A00660560 /* BeaconsInfo.h */ = {isa = PBXFileReference; fileEncoding = 4; lastKnownFileType = sourcecode.c.h; path = BeaconsInfo.h; sourceTree = "<group>"; };
		5AE548F51FF3837A00660560 /* BEFileInfo.h */ = {isa = PBXFileReference; fileEncoding = 4; lastKnownFileType = sourcecode.c.h; path = BEFileInfo.h; sourceTree = "<group>"; };
		5AE548F61FF3837A00660560 /* V3Message.h */ = {isa = PBXFileReference; fileEncoding = 4; lastKnownFileType = sourcecode.c.h; path = V3Message.h; sourceTree = "<group>"; };
		5AE548F71FF3837A00660560 /* AudioData.h */ = {isa = PBXFileReference; fileEncoding = 4; lastKnownFileType = sourcecode.c.h; path = AudioData.h; sourceTree = "<group>"; };
		5AE548F81FF3837A00660560 /* BodyHolderFactory.h */ = {isa = PBXFileReference; fileEncoding = 4; lastKnownFileType = sourcecode.c.h; path = BodyHolderFactory.h; sourceTree = "<group>"; };
		5AE548F91FF3837A00660560 /* ReaderReferenceCache.h */ = {isa = PBXFileReference; fileEncoding = 4; lastKnownFileType = sourcecode.c.h; path = ReaderReferenceCache.h; sourceTree = "<group>"; };
		5AE548FA1FF3837A00660560 /* NullWriter.h */ = {isa = PBXFileReference; fileEncoding = 4; lastKnownFileType = sourcecode.c.h; path = NullWriter.h; sourceTree = "<group>"; };
		5AE548FB1FF3837A00660560 /* CommandMessage.h */ = {isa = PBXFileReference; fileEncoding = 4; lastKnownFileType = sourcecode.c.h; path = CommandMessage.h; sourceTree = "<group>"; };
		5AE548FC1FF3837A00660560 /* MemoryTicker.h */ = {isa = PBXFileReference; fileEncoding = 4; lastKnownFileType = sourcecode.c.h; path = MemoryTicker.h; sourceTree = "<group>"; };
		5AE548FD1FF3837A00660560 /* ConcreteObject.h */ = {isa = PBXFileReference; fileEncoding = 4; lastKnownFileType = sourcecode.c.h; path = ConcreteObject.h; sourceTree = "<group>"; };
		5E80D5521FF2F23400DBC0DF /* BackendlessRTChatV2.app */ = {isa = PBXFileReference; explicitFileType = wrapper.application; includeInIndex = 0; path = BackendlessRTChatV2.app; sourceTree = BUILT_PRODUCTS_DIR; };
		5E80D5551FF2F23400DBC0DF /* AppDelegate.h */ = {isa = PBXFileReference; lastKnownFileType = sourcecode.c.h; path = AppDelegate.h; sourceTree = "<group>"; };
		5E80D5561FF2F23400DBC0DF /* AppDelegate.m */ = {isa = PBXFileReference; lastKnownFileType = sourcecode.c.objc; path = AppDelegate.m; sourceTree = "<group>"; };
		5E80D5581FF2F23400DBC0DF /* LoginViewController.h */ = {isa = PBXFileReference; lastKnownFileType = sourcecode.c.h; path = LoginViewController.h; sourceTree = "<group>"; };
		5E80D5591FF2F23400DBC0DF /* LoginViewController.m */ = {isa = PBXFileReference; lastKnownFileType = sourcecode.c.objc; path = LoginViewController.m; sourceTree = "<group>"; };
		5E80D55C1FF2F23400DBC0DF /* Base */ = {isa = PBXFileReference; lastKnownFileType = file.storyboard; name = Base; path = Base.lproj/Main.storyboard; sourceTree = "<group>"; };
		5E80D55E1FF2F23400DBC0DF /* Assets.xcassets */ = {isa = PBXFileReference; lastKnownFileType = folder.assetcatalog; path = Assets.xcassets; sourceTree = "<group>"; };
		5E80D5611FF2F23400DBC0DF /* Base */ = {isa = PBXFileReference; lastKnownFileType = file.storyboard; name = Base; path = Base.lproj/LaunchScreen.storyboard; sourceTree = "<group>"; };
		5E80D5631FF2F23400DBC0DF /* Info.plist */ = {isa = PBXFileReference; lastKnownFileType = text.plist.xml; path = Info.plist; sourceTree = "<group>"; };
		5E80D5641FF2F23400DBC0DF /* main.m */ = {isa = PBXFileReference; lastKnownFileType = sourcecode.c.objc; path = main.m; sourceTree = "<group>"; };
		5EDC0A3C1FF2F79C00723671 /* SplitViewController.h */ = {isa = PBXFileReference; lastKnownFileType = sourcecode.c.h; path = SplitViewController.h; sourceTree = "<group>"; };
		5EDC0A3D1FF2F79C00723671 /* SplitViewController.m */ = {isa = PBXFileReference; lastKnownFileType = sourcecode.c.objc; path = SplitViewController.m; sourceTree = "<group>"; };
		5EDC0A3F1FF2F7F900723671 /* ChatsViewController.h */ = {isa = PBXFileReference; lastKnownFileType = sourcecode.c.h; path = ChatsViewController.h; sourceTree = "<group>"; };
		5EDC0A401FF2F7F900723671 /* ChatsViewController.m */ = {isa = PBXFileReference; lastKnownFileType = sourcecode.c.objc; path = ChatsViewController.m; sourceTree = "<group>"; };
		5EDC0A421FF2F80800723671 /* ChatViewController.h */ = {isa = PBXFileReference; lastKnownFileType = sourcecode.c.h; path = ChatViewController.h; sourceTree = "<group>"; };
		5EDC0A431FF2F80800723671 /* ChatViewController.m */ = {isa = PBXFileReference; lastKnownFileType = sourcecode.c.objc; path = ChatViewController.m; sourceTree = "<group>"; };
		5EDC0A451FF2F83800723671 /* Chat.h */ = {isa = PBXFileReference; lastKnownFileType = sourcecode.c.h; path = Chat.h; sourceTree = "<group>"; };
		5EDC0A461FF2F83800723671 /* Chat.m */ = {isa = PBXFileReference; lastKnownFileType = sourcecode.c.objc; path = Chat.m; sourceTree = "<group>"; };
		5EE85CBA1FF300BD00BFA6B8 /* AlertController.h */ = {isa = PBXFileReference; lastKnownFileType = sourcecode.c.h; path = AlertController.h; sourceTree = "<group>"; };
		5EE85CBB1FF300BD00BFA6B8 /* AlertController.m */ = {isa = PBXFileReference; lastKnownFileType = sourcecode.c.objc; path = AlertController.m; sourceTree = "<group>"; };
		5EE85CBD1FF3026400BFA6B8 /* ChatDetailsViewController.h */ = {isa = PBXFileReference; lastKnownFileType = sourcecode.c.h; path = ChatDetailsViewController.h; sourceTree = "<group>"; };
		5EE85CBE1FF3026400BFA6B8 /* ChatDetailsViewController.m */ = {isa = PBXFileReference; lastKnownFileType = sourcecode.c.objc; path = ChatDetailsViewController.m; sourceTree = "<group>"; };
		88DBADBBB9790C95FCD55BE5 /* Pods_BackendlessRTChatV2.framework */ = {isa = PBXFileReference; explicitFileType = wrapper.framework; includeInIndex = 0; path = Pods_BackendlessRTChatV2.framework; sourceTree = BUILT_PRODUCTS_DIR; };
/* End PBXFileReference section */

/* Begin PBXFrameworksBuildPhase section */
		5E80D54F1FF2F23400DBC0DF /* Frameworks */ = {
			isa = PBXFrameworksBuildPhase;
			buildActionMask = 2147483647;
			files = (
				5AE548FE1FF3837A00660560 /* libbkndlss-simulator.a in Frameworks */,
				457C1A3502D370441FDED28E /* Pods_BackendlessRTChatV2.framework in Frameworks */,
			);
			runOnlyForDeploymentPostprocessing = 0;
		};
/* End PBXFrameworksBuildPhase section */

/* Begin PBXGroup section */
		3F4E66D5A2A859E2E47A8214 /* Pods */ = {
			isa = PBXGroup;
			children = (
				1167B4A874811BCDF65F61CB /* Pods-BackendlessRTChatV2.debug.xcconfig */,
				26C36E232212401CD54B7FF5 /* Pods-BackendlessRTChatV2.release.xcconfig */,
			);
			name = Pods;
			sourceTree = "<group>";
		};
		5AE548031FF3837A00660560 /* lib */ = {
			isa = PBXGroup;
			children = (
				5AE548041FF3837A00660560 /* backendless */,
			);
			path = lib;
			sourceTree = "<group>";
		};
		5AE548041FF3837A00660560 /* backendless */ = {
			isa = PBXGroup;
			children = (
				5AE548051FF3837A00660560 /* libbkndlss-simulator.a */,
				5AE548061FF3837A00660560 /* include */,
			);
			path = backendless;
			sourceTree = "<group>";
		};
		5AE548061FF3837A00660560 /* include */ = {
			isa = PBXGroup;
			children = (
				5AE548071FF3837A00660560 /* IArgumentObjectFactory.h */,
				5AE548081FF3837A00660560 /* PublishOptions.h */,
				5AE548091FF3837A00660560 /* BackendlessCache.h */,
				5AE5480A1FF3837A00660560 /* BaseRTMPProtocolEncoder.h */,
				5AE5480B1FF3837A00660560 /* IDataStore.h */,
				5AE5480C1FF3837A00660560 /* V3StringReader.h */,
				5AE5480D1FF3837A00660560 /* AMFBodyWriter.h */,
				5AE5480E1FF3837A00660560 /* GeoMath.h */,
				5AE5480F1FF3837A00660560 /* ObjectReferenceWriter.h */,
				5AE548101FF3837A00660560 /* FlashorbBinaryReader.h */,
				5AE548111FF3837A00660560 /* IRTMProtocol.h */,
				5AE548121FF3837A00660560 /* ProtectedBackendlessGeoQuery.h */,
				5AE548131FF3837A00660560 /* RTMethodRequest.h */,
				5AE548141FF3837A00660560 /* GeoPoint.h */,
				5AE548151FF3837A00660560 /* Backendless.h */,
				5AE548161FF3837A00660560 /* NumberReader.h */,
				5AE548171FF3837A00660560 /* BodyHolderWriter.h */,
				5AE548181FF3837A00660560 /* ReaderUtils.h */,
				5AE548191FF3837A00660560 /* Backendless-Bridging-Header.h */,
				5AE5481A1FF3837A00660560 /* IVideoStreamCodec.h */,
				5AE5481B1FF3837A00660560 /* PointerReader.h */,
				5AE5481C1FF3837A00660560 /* Engine.h */,
				5AE5481D1FF3837A00660560 /* Channel.h */,
				5AE5481E1FF3837A00660560 /* BodyHolder.h */,
				5AE5481F1FF3837A00660560 /* GeoFence.h */,
				5AE548201FF3837A00660560 /* AMFMessageWriter.h */,
				5AE548211FF3837A00660560 /* DEBUG.h */,
				5AE548221FF3837A00660560 /* BackendlessFile.h */,
				5AE548231FF3837A00660560 /* NamedObject.h */,
				5AE548241FF3837A00660560 /* FlexMessage.h */,
				5AE548251FF3837A00660560 /* IAudioStreamCodec.h */,
				5AE548261FF3837A00660560 /* PendingCall.h */,
				5AE548271FF3837A00660560 /* BeaconMonitoring.h */,
				5AE548281FF3837A00660560 /* QueryOptionsBuilder.h */,
				5AE548291FF3837A00660560 /* MHeader.h */,
				5AE5482A1FF3837A00660560 /* AnonymousObject.h */,
				5AE5482B1FF3837A00660560 /* AbstractProperty.h */,
				5AE5482C1FF3837A00660560 /* ByteArrayType.h */,
				5AE5482D1FF3837A00660560 /* ORBConstants.h */,
				5AE5482E1FF3837A00660560 /* Header.h */,
				5AE5482F1FF3837A00660560 /* LocationTracker.h */,
				5AE548301FF3837A00660560 /* IRTMPEvent.h */,
				5AE548311FF3837A00660560 /* AMFHeaderWriter.h */,
				5AE548321FF3837A00660560 /* ISharedObjectListener.h */,
				5AE548331FF3837A00660560 /* BodyParts.h */,
				5AE548341FF3837A00660560 /* RTHelper.h */,
				5AE548351FF3837A00660560 /* BackendlessBeacon.h */,
				5AE548361FF3837A00660560 /* RTClient.h */,
				5AE548371FF3837A00660560 /* MessagingService.h */,
				5AE548381FF3837A00660560 /* AmfV3Formatter.h */,
				5AE548391FF3837A00660560 /* ReqMessage.h */,
				5AE5483A1FF3837A00660560 /* DateReader.h */,
				5AE5483B1FF3837A00660560 /* JSONHelper.h */,
				5AE5483C1FF3837A00660560 /* Types.h */,
				5AE5483D1FF3837A00660560 /* NotAReader.h */,
				5AE5483E1FF3837A00660560 /* RTRSO.h */,
				5AE5483F1FF3837A00660560 /* RTService.h */,
				5AE548401FF3837A00660560 /* ICastingAttributeStore.h */,
				5AE548411FF3837A00660560 /* ITypeWriter.h */,
				5AE548421FF3837A00660560 /* UTFStringReader.h */,
				5AE548431FF3837A00660560 /* IClientSharedObjectDelegate.h */,
				5AE548441FF3837A00660560 /* DataStoreFactory.h */,
				5AE548451FF3837A00660560 /* IClientSharedObject.h */,
				5AE548461FF3837A00660560 /* UserStatusObject.h */,
				5AE548471FF3837A00660560 /* Body.h */,
				5AE548481FF3837A00660560 /* RTSubscription.h */,
				5AE548491FF3837A00660560 /* ArrayType.h */,
				5AE5484A1FF3837A00660560 /* IServiceCall.h */,
				5AE5484B1FF3837A00660560 /* RTMPClient.h */,
				5AE5484C1FF3837A00660560 /* Invoker.h */,
				5AE5484D1FF3837A00660560 /* ArrayReader.h */,
				5AE5484E1FF3837A00660560 /* ServerCallback.h */,
				5AE5484F1FF3837A00660560 /* CacheService.h */,
				5AE548501FF3837A00660560 /* AbstractReferenceableTypeWriter.h */,
				5AE548511FF3837A00660560 /* Events.h */,
				5AE548521FF3837A00660560 /* NullReader.h */,
				5AE548531FF3837A00660560 /* BaseEvent.h */,
				5AE548541FF3837A00660560 /* EventType.h */,
				5AE548551FF3837A00660560 /* RTMessaging.h */,
				5AE548561FF3837A00660560 /* CommandObject.h */,
				5AE548571FF3837A00660560 /* WeborbClient.h */,
				5AE548581FF3837A00660560 /* Presence.h */,
				5AE548591FF3837A00660560 /* ClassCastException.h */,
				5AE5485A1FF3837A00660560 /* AuthorizationException.h */,
				5AE5485B1FF3837A00660560 /* IServiceHandlerProvider.h */,
				5AE5485C1FF3837A00660560 /* BooleanReader.h */,
				5AE5485D1FF3837A00660560 /* IProtocolFormatter.h */,
				5AE5485E1FF3837A00660560 /* IEventListener.h */,
				5AE5485F1FF3837A00660560 /* GeoFenceMonitoring.h */,
				5AE548601FF3837A00660560 /* Message.h */,
				5AE548611FF3837A00660560 /* LogBuffer.h */,
				5AE548621FF3837A00660560 /* IPersistenceStore.h */,
				5AE548631FF3837A00660560 /* ISerializer.h */,
				5AE548641FF3837A00660560 /* GeoCategory.h */,
				5AE548651FF3837A00660560 /* DateType.h */,
				5AE548661FF3837A00660560 /* ObjectProperty.h */,
				5AE548671FF3837A00660560 /* RTMProtocol.h */,
				5AE548681FF3837A00660560 /* KeychainDataStore.h */,
				5AE548691FF3837A00660560 /* HashMap.h */,
				5AE5486A1FF3837A00660560 /* ISharedObjectMessage.h */,
				5AE5486B1FF3837A00660560 /* QueryOptions.h */,
				5AE5486C1FF3837A00660560 /* V3DateReader.h */,
				5AE5486D1FF3837A00660560 /* Logging.h */,
				5AE5486E1FF3837A00660560 /* BoundPropertyBagWriter.h */,
				5AE5486F1FF3837A00660560 /* FileService.h */,
				5AE548701FF3837A00660560 /* Call.h */,
				5AE548711FF3837A00660560 /* MetaData.h */,
				5AE548721FF3837A00660560 /* RTMethod.h */,
				5AE548731FF3837A00660560 /* SharedObjectEventType.h */,
				5AE548741FF3837A00660560 /* StringWriter.h */,
				5AE548751FF3837A00660560 /* Aggregate.h */,
				5AE548761FF3837A00660560 /* LoadRelationsQueryBuilder.h */,
				5AE548771FF3837A00660560 /* IPendingServiceCall.h */,
				5AE548781FF3837A00660560 /* RemoteSharedObject.h */,
				5AE548791FF3837A00660560 /* BackendlessPushHelper.h */,
				5AE5487A1FF3837A00660560 /* IStreamPacket.h */,
				5AE5487B1FF3837A00660560 /* MessageWriter.h */,
				5AE5487C1FF3837A00660560 /* Invoke.h */,
				5AE5487D1FF3837A00660560 /* RSOClearedObject.h */,
				5AE5487E1FF3837A00660560 /* HttpEngine.h */,
				5AE5487F1FF3837A00660560 /* NamedObjectReader.h */,
				5AE548801FF3837A00660560 /* V3ObjectSerializer.h */,
				5AE548811FF3837A00660560 /* ErrMessage.h */,
				5AE548821FF3837A00660560 /* IEventDispatcher.h */,
				5AE548831FF3837A00660560 /* UserProperty.h */,
				5AE548841FF3837A00660560 /* Datatypes.h */,
				5AE548851FF3837A00660560 /* SharedObjectEvent.h */,
				5AE548861FF3837A00660560 /* BinaryStream.h */,
				5AE548871FF3837A00660560 /* RTDataStore.h */,
				5AE548881FF3837A00660560 /* PagedQueryBuilder.h */,
				5AE548891FF3837A00660560 /* BeaconTracker.h */,
				5AE5488A1FF3837A00660560 /* IAtomicCounters.h */,
				5AE5488B1FF3837A00660560 /* AbstractUnreferenceableTypeWriter.h */,
				5AE5488C1FF3837A00660560 /* BackendlessCacheProtocol.h */,
				5AE5488D1FF3837A00660560 /* SharedObject.h */,
				5AE5488E1FF3837A00660560 /* V3ArrayReader.h */,
				5AE5488F1FF3837A00660560 /* AttributeStore.h */,
				5AE548901FF3837A00660560 /* V3Reader.h */,
				5AE548911FF3837A00660560 /* CrowdNode.h */,
				5AE548921FF3837A00660560 /* ICacheService.h */,
				5AE548931FF3837A00660560 /* AbstractQuery.h */,
				5AE548941FF3837A00660560 /* DateWriter.h */,
				5AE548951FF3837A00660560 /* ObjectSerializer.h */,
				5AE548961FF3837A00660560 /* CacheFactory.h */,
				5AE548971FF3837A00660560 /* DeviceRegistration.h */,
				5AE548981FF3837A00660560 /* IDeserializer.h */,
				5AE548991FF3837A00660560 /* RTPersistence.h */,
				5AE5489A1FF3837A00660560 /* BooleanType.h */,
				5AE5489B1FF3837A00660560 /* V3ObjectReader.h */,
				5AE5489C1FF3837A00660560 /* BackendlessSimpleQuery.h */,
				5AE5489D1FF3837A00660560 /* BackendlessCacheKey.h */,
				5AE5489E1FF3837A00660560 /* GeoService.h */,
				5AE5489F1FF3837A00660560 /* CustomService.h */,
				5AE548A01FF3837A00660560 /* IEvent.h */,
				5AE548A11FF3837A00660560 /* BinaryCodec.h */,
				5AE548A21FF3837A00660560 /* WebORBSerializer.h */,
				5AE548A31FF3837A00660560 /* UserStatusObjectData.h */,
				5AE548A41FF3837A00660560 /* V3VectorReader.h */,
				5AE548A51FF3837A00660560 /* FlashorbBinaryWriter.h */,
				5AE548A61FF3837A00660560 /* GeoCluster.h */,
				5AE548A71FF3837A00660560 /* RTListener.h */,
				5AE548A81FF3837A00660560 /* PropertyBagWriter.h */,
				5AE548A91FF3837A00660560 /* Packet.h */,
				5AE548AA1FF3837A00660560 /* FilePermission.h */,
				5AE548AB1FF3837A00660560 /* ISharedObjectEvent.h */,
				5AE548AC1FF3837A00660560 /* AsyncMessage.h */,
				5AE548AD1FF3837A00660560 /* IAttributeStore.h */,
				5AE548AE1FF3837A00660560 /* IntegerReader.h */,
				5AE548AF1FF3837A00660560 /* IObjectSerializer.h */,
				5AE548B01FF3837A00660560 /* AtomicCounters.h */,
				5AE548B11FF3837A00660560 /* V3ReferenceCache.h */,
				5AE548B21FF3837A00660560 /* IPendingServiceCallback.h */,
				5AE548B31FF3837A00660560 /* IPresenceListener.h */,
				5AE548B41FF3837A00660560 /* BackendlessGeoQuery.h */,
				5AE548B51FF3837A00660560 /* InvokeObject.h */,
				5AE548B61FF3837A00660560 /* Subscription.h */,
				5AE548B71FF3837A00660560 /* UICKeyChainStore.h */,
				5AE548B81FF3837A00660560 /* DataQueryBuilder.h */,
				5AE548B91FF3837A00660560 /* ClientCallback.h */,
				5AE548BA1FF3837A00660560 /* BulkResultObject.h */,
				5AE548BB1FF3837A00660560 /* RequestParser.h */,
				5AE548BC1FF3837A00660560 /* BackendlessEntity.h */,
				5AE548BD1FF3837A00660560 /* NumberWriter.h */,
				5AE548BE1FF3837A00660560 /* Request.h */,
				5AE548BF1FF3837A00660560 /* NumberObject.h */,
				5AE548C01FF3837A00660560 /* MultiDimArrayWriter.h */,
				5AE548C11FF3837A00660560 /* ISharedObjectBase.h */,
				5AE548C21FF3837A00660560 /* IStreamDispatcher.h */,
				5AE548C31FF3837A00660560 /* ReferenceCache.h */,
				5AE548C41FF3837A00660560 /* IServiceObjectFactory.h */,
				5AE548C51FF3837A00660560 /* ClassDefinition.h */,
				5AE548C61FF3837A00660560 /* BackendlessCachePolicy.h */,
				5AE548C71FF3837A00660560 /* IPersistable.h */,
				5AE548C81FF3837A00660560 /* MapDrivenDataStore.h */,
				5AE548C91FF3837A00660560 /* ICacheableAdaptingType.h */,
				5AE548CA1FF3837A00660560 /* StringReferenceWriter.h */,
				5AE548CB1FF3837A00660560 /* AtomicCountersFactory.h */,
				5AE548CC1FF3837A00660560 /* NotifyEvent.h */,
				5AE548CD1FF3837A00660560 /* BackendlessUser.h */,
				5AE548CE1FF3837A00660560 /* ObjectFactories.h */,
				5AE548CF1FF3837A00660560 /* Logger.h */,
				5AE548D01FF3837A00660560 /* BoundPropertyBagReader.h */,
				5AE548D11FF3837A00660560 /* StringType.h */,
				5AE548D21FF3837A00660560 /* NullType.h */,
				5AE548D31FF3837A00660560 /* AmfFormatter.h */,
				5AE548D41FF3837A00660560 /* WebORBDeserializer.h */,
				5AE548D51FF3837A00660560 /* V3ByteArrayReader.h */,
				5AE548D61FF3837A00660560 /* AckMessage.h */,
				5AE548D71FF3837A00660560 /* ISharedObjectHandlerProvider.h */,
				5AE548D81FF3837A00660560 /* MessageStatus.h */,
				5AE548D91FF3837A00660560 /* ArrayWriter.h */,
				5AE548DA1FF3837A00660560 /* BackendlessDataQuery.h */,
				5AE548DB1FF3837A00660560 /* Responder.h */,
				5AE548DC1FF3837A00660560 /* SharedObjectMessage.h */,
				5AE548DD1FF3837A00660560 /* ICallback.h */,
				5AE548DE1FF3837A00660560 /* ObjectWriter.h */,
				5AE548DF1FF3837A00660560 /* RTMPConstants.h */,
				5AE548E01FF3837A00660560 /* ITypeReader.h */,
				5AE548E11FF3837A00660560 /* UserService.h */,
				5AE548E21FF3837A00660560 /* DeliveryOptions.h */,
				5AE548E31FF3837A00660560 /* PersistenceService.h */,
				5AE548E41FF3837A00660560 /* IAdaptingType.h */,
				5AE548E51FF3837A00660560 /* UndefinedType.h */,
				5AE548E61FF3837A00660560 /* AnonymousObjectReader.h */,
				5AE548E71FF3837A00660560 /* BackendlessCacheData.h */,
				5AE548E81FF3837A00660560 /* UndefinedTypeReader.h */,
				5AE548E91FF3837A00660560 /* DataPermission.h */,
				5AE548EA1FF3837A00660560 /* ClientSharedObject.h */,
				5AE548EB1FF3837A00660560 /* Ping.h */,
				5AE548EC1FF3837A00660560 /* ParseContext.h */,
				5AE548ED1FF3837A00660560 /* AMFSerializer.h */,
				5AE548EE1FF3837A00660560 /* BooleanWriter.h */,
				5AE548EF1FF3837A00660560 /* RSOChangesObject.h */,
				5AE548F01FF3837A00660560 /* LongUTFStringReader.h */,
				5AE548F11FF3837A00660560 /* VideoData.h */,
				5AE548F21FF3837A00660560 /* BaseRTMPProtocolDecoder.h */,
				5AE548F31FF3837A00660560 /* ArrayReferenceWriter.h */,
				5AE548F41FF3837A00660560 /* BeaconsInfo.h */,
				5AE548F51FF3837A00660560 /* BEFileInfo.h */,
				5AE548F61FF3837A00660560 /* V3Message.h */,
				5AE548F71FF3837A00660560 /* AudioData.h */,
				5AE548F81FF3837A00660560 /* BodyHolderFactory.h */,
				5AE548F91FF3837A00660560 /* ReaderReferenceCache.h */,
				5AE548FA1FF3837A00660560 /* NullWriter.h */,
				5AE548FB1FF3837A00660560 /* CommandMessage.h */,
				5AE548FC1FF3837A00660560 /* MemoryTicker.h */,
				5AE548FD1FF3837A00660560 /* ConcreteObject.h */,
			);
			path = include;
			sourceTree = "<group>";
		};
		5E80D5491FF2F23400DBC0DF = {
			isa = PBXGroup;
			children = (
				5AE548031FF3837A00660560 /* lib */,
				5E80D5541FF2F23400DBC0DF /* BackendlessRTChatV2 */,
				5E80D5531FF2F23400DBC0DF /* Products */,
				3F4E66D5A2A859E2E47A8214 /* Pods */,
				A3E631E82334533934664D9C /* Frameworks */,
			);
			sourceTree = "<group>";
		};
		5E80D5531FF2F23400DBC0DF /* Products */ = {
			isa = PBXGroup;
			children = (
				5E80D5521FF2F23400DBC0DF /* BackendlessRTChatV2.app */,
			);
			name = Products;
			sourceTree = "<group>";
		};
		5E80D5541FF2F23400DBC0DF /* BackendlessRTChatV2 */ = {
			isa = PBXGroup;
			children = (
				5EDC0A3B1FF2F78100723671 /* View Controllers */,
				5E80D5551FF2F23400DBC0DF /* AppDelegate.h */,
				5E80D5561FF2F23400DBC0DF /* AppDelegate.m */,
				5EDC0A451FF2F83800723671 /* Chat.h */,
				5EDC0A461FF2F83800723671 /* Chat.m */,
				5E80D5641FF2F23400DBC0DF /* main.m */,
				5E80D5631FF2F23400DBC0DF /* Info.plist */,
				5E80D55B1FF2F23400DBC0DF /* Main.storyboard */,
				5E80D5601FF2F23400DBC0DF /* LaunchScreen.storyboard */,
				5E80D55E1FF2F23400DBC0DF /* Assets.xcassets */,
			);
			path = BackendlessRTChatV2;
			sourceTree = "<group>";
		};
		5EDC0A3B1FF2F78100723671 /* View Controllers */ = {
			isa = PBXGroup;
			children = (
				5EE85CBA1FF300BD00BFA6B8 /* AlertController.h */,
				5EE85CBB1FF300BD00BFA6B8 /* AlertController.m */,
				5E80D5581FF2F23400DBC0DF /* LoginViewController.h */,
				5E80D5591FF2F23400DBC0DF /* LoginViewController.m */,
				5EDC0A3C1FF2F79C00723671 /* SplitViewController.h */,
				5EDC0A3D1FF2F79C00723671 /* SplitViewController.m */,
				5EDC0A3F1FF2F7F900723671 /* ChatsViewController.h */,
				5EDC0A401FF2F7F900723671 /* ChatsViewController.m */,
				5EDC0A421FF2F80800723671 /* ChatViewController.h */,
				5EDC0A431FF2F80800723671 /* ChatViewController.m */,
				5EE85CBD1FF3026400BFA6B8 /* ChatDetailsViewController.h */,
				5EE85CBE1FF3026400BFA6B8 /* ChatDetailsViewController.m */,
			);
			path = "View Controllers";
			sourceTree = "<group>";
		};
		A3E631E82334533934664D9C /* Frameworks */ = {
			isa = PBXGroup;
			children = (
				88DBADBBB9790C95FCD55BE5 /* Pods_BackendlessRTChatV2.framework */,
			);
			name = Frameworks;
			sourceTree = "<group>";
		};
/* End PBXGroup section */

/* Begin PBXNativeTarget section */
		5E80D5511FF2F23400DBC0DF /* BackendlessRTChatV2 */ = {
			isa = PBXNativeTarget;
			buildConfigurationList = 5E80D5681FF2F23400DBC0DF /* Build configuration list for PBXNativeTarget "BackendlessRTChatV2" */;
			buildPhases = (
				FB128768656D0F32CC0B2085 /* [CP] Check Pods Manifest.lock */,
				5E80D54E1FF2F23400DBC0DF /* Sources */,
				5E80D54F1FF2F23400DBC0DF /* Frameworks */,
				5E80D5501FF2F23400DBC0DF /* Resources */,
				194C8AD6B9B35EC7D1836B6A /* [CP] Embed Pods Frameworks */,
				71556F4BC1557C0D1C9E31CB /* [CP] Copy Pods Resources */,
			);
			buildRules = (
			);
			dependencies = (
			);
			name = BackendlessRTChatV2;
			productName = BackendlessRTChatV2;
			productReference = 5E80D5521FF2F23400DBC0DF /* BackendlessRTChatV2.app */;
			productType = "com.apple.product-type.application";
		};
/* End PBXNativeTarget section */

/* Begin PBXProject section */
		5E80D54A1FF2F23400DBC0DF /* Project object */ = {
			isa = PBXProject;
			attributes = {
				LastUpgradeCheck = 0920;
				ORGANIZATIONNAME = Backendless;
				TargetAttributes = {
					5E80D5511FF2F23400DBC0DF = {
						CreatedOnToolsVersion = 9.2;
						ProvisioningStyle = Automatic;
					};
				};
			};
			buildConfigurationList = 5E80D54D1FF2F23400DBC0DF /* Build configuration list for PBXProject "BackendlessRTChatV2" */;
			compatibilityVersion = "Xcode 8.0";
			developmentRegion = en;
			hasScannedForEncodings = 0;
			knownRegions = (
				en,
				Base,
			);
			mainGroup = 5E80D5491FF2F23400DBC0DF;
			productRefGroup = 5E80D5531FF2F23400DBC0DF /* Products */;
			projectDirPath = "";
			projectRoot = "";
			targets = (
				5E80D5511FF2F23400DBC0DF /* BackendlessRTChatV2 */,
			);
		};
/* End PBXProject section */

/* Begin PBXResourcesBuildPhase section */
		5E80D5501FF2F23400DBC0DF /* Resources */ = {
			isa = PBXResourcesBuildPhase;
			buildActionMask = 2147483647;
			files = (
				5E80D5621FF2F23400DBC0DF /* LaunchScreen.storyboard in Resources */,
				5E80D55F1FF2F23400DBC0DF /* Assets.xcassets in Resources */,
				5E80D55D1FF2F23400DBC0DF /* Main.storyboard in Resources */,
			);
			runOnlyForDeploymentPostprocessing = 0;
		};
/* End PBXResourcesBuildPhase section */

/* Begin PBXShellScriptBuildPhase section */
		194C8AD6B9B35EC7D1836B6A /* [CP] Embed Pods Frameworks */ = {
			isa = PBXShellScriptBuildPhase;
			buildActionMask = 2147483647;
			files = (
			);
			inputPaths = (
				"${SRCROOT}/Pods/Target Support Files/Pods-BackendlessRTChatV2/Pods-BackendlessRTChatV2-frameworks.sh",
				"${BUILT_PRODUCTS_DIR}/Socket.IO-Client-Swift/SocketIO.framework",
				"${BUILT_PRODUCTS_DIR}/Starscream/Starscream.framework",
			);
			name = "[CP] Embed Pods Frameworks";
			outputPaths = (
				"${TARGET_BUILD_DIR}/${FRAMEWORKS_FOLDER_PATH}/SocketIO.framework",
				"${TARGET_BUILD_DIR}/${FRAMEWORKS_FOLDER_PATH}/Starscream.framework",
			);
			runOnlyForDeploymentPostprocessing = 0;
			shellPath = /bin/sh;
			shellScript = "\"${SRCROOT}/Pods/Target Support Files/Pods-BackendlessRTChatV2/Pods-BackendlessRTChatV2-frameworks.sh\"\n";
			showEnvVarsInLog = 0;
		};
		71556F4BC1557C0D1C9E31CB /* [CP] Copy Pods Resources */ = {
			isa = PBXShellScriptBuildPhase;
			buildActionMask = 2147483647;
			files = (
			);
			inputPaths = (
			);
			name = "[CP] Copy Pods Resources";
			outputPaths = (
			);
			runOnlyForDeploymentPostprocessing = 0;
			shellPath = /bin/sh;
			shellScript = "\"${SRCROOT}/Pods/Target Support Files/Pods-BackendlessRTChatV2/Pods-BackendlessRTChatV2-resources.sh\"\n";
			showEnvVarsInLog = 0;
		};
		FB128768656D0F32CC0B2085 /* [CP] Check Pods Manifest.lock */ = {
			isa = PBXShellScriptBuildPhase;
			buildActionMask = 2147483647;
			files = (
			);
			inputPaths = (
				"${PODS_PODFILE_DIR_PATH}/Podfile.lock",
				"${PODS_ROOT}/Manifest.lock",
			);
			name = "[CP] Check Pods Manifest.lock";
			outputPaths = (
				"$(DERIVED_FILE_DIR)/Pods-BackendlessRTChatV2-checkManifestLockResult.txt",
			);
			runOnlyForDeploymentPostprocessing = 0;
			shellPath = /bin/sh;
			shellScript = "diff \"${PODS_PODFILE_DIR_PATH}/Podfile.lock\" \"${PODS_ROOT}/Manifest.lock\" > /dev/null\nif [ $? != 0 ] ; then\n    # print error to STDERR\n    echo \"error: The sandbox is not in sync with the Podfile.lock. Run 'pod install' or update your CocoaPods installation.\" >&2\n    exit 1\nfi\n# This output is used by Xcode 'outputs' to avoid re-running this script phase.\necho \"SUCCESS\" > \"${SCRIPT_OUTPUT_FILE_0}\"\n";
			showEnvVarsInLog = 0;
		};
/* End PBXShellScriptBuildPhase section */

/* Begin PBXSourcesBuildPhase section */
		5E80D54E1FF2F23400DBC0DF /* Sources */ = {
			isa = PBXSourcesBuildPhase;
			buildActionMask = 2147483647;
			files = (
				5EE85CBC1FF300BD00BFA6B8 /* AlertController.m in Sources */,
				5E80D55A1FF2F23400DBC0DF /* LoginViewController.m in Sources */,
				5E80D5651FF2F23400DBC0DF /* main.m in Sources */,
				5EE85CBF1FF3026400BFA6B8 /* ChatDetailsViewController.m in Sources */,
				5EDC0A441FF2F80800723671 /* ChatViewController.m in Sources */,
				5E80D5571FF2F23400DBC0DF /* AppDelegate.m in Sources */,
				5EDC0A3E1FF2F79C00723671 /* SplitViewController.m in Sources */,
				5EDC0A411FF2F7F900723671 /* ChatsViewController.m in Sources */,
				5EDC0A471FF2F83800723671 /* Chat.m in Sources */,
			);
			runOnlyForDeploymentPostprocessing = 0;
		};
/* End PBXSourcesBuildPhase section */

/* Begin PBXVariantGroup section */
		5E80D55B1FF2F23400DBC0DF /* Main.storyboard */ = {
			isa = PBXVariantGroup;
			children = (
				5E80D55C1FF2F23400DBC0DF /* Base */,
			);
			name = Main.storyboard;
			sourceTree = "<group>";
		};
		5E80D5601FF2F23400DBC0DF /* LaunchScreen.storyboard */ = {
			isa = PBXVariantGroup;
			children = (
				5E80D5611FF2F23400DBC0DF /* Base */,
			);
			name = LaunchScreen.storyboard;
			sourceTree = "<group>";
		};
/* End PBXVariantGroup section */

/* Begin XCBuildConfiguration section */
		5E80D5661FF2F23400DBC0DF /* Debug */ = {
			isa = XCBuildConfiguration;
			buildSettings = {
				ALWAYS_SEARCH_USER_PATHS = NO;
				CLANG_ANALYZER_NONNULL = YES;
				CLANG_ANALYZER_NUMBER_OBJECT_CONVERSION = YES_AGGRESSIVE;
				CLANG_CXX_LANGUAGE_STANDARD = "gnu++14";
				CLANG_CXX_LIBRARY = "libc++";
				CLANG_ENABLE_MODULES = YES;
				CLANG_ENABLE_OBJC_ARC = YES;
				CLANG_WARN_BLOCK_CAPTURE_AUTORELEASING = YES;
				CLANG_WARN_BOOL_CONVERSION = YES;
				CLANG_WARN_COMMA = YES;
				CLANG_WARN_CONSTANT_CONVERSION = YES;
				CLANG_WARN_DIRECT_OBJC_ISA_USAGE = YES_ERROR;
				CLANG_WARN_DOCUMENTATION_COMMENTS = YES;
				CLANG_WARN_EMPTY_BODY = YES;
				CLANG_WARN_ENUM_CONVERSION = YES;
				CLANG_WARN_INFINITE_RECURSION = YES;
				CLANG_WARN_INT_CONVERSION = YES;
				CLANG_WARN_NON_LITERAL_NULL_CONVERSION = YES;
				CLANG_WARN_OBJC_LITERAL_CONVERSION = YES;
				CLANG_WARN_OBJC_ROOT_CLASS = YES_ERROR;
				CLANG_WARN_RANGE_LOOP_ANALYSIS = YES;
				CLANG_WARN_STRICT_PROTOTYPES = YES;
				CLANG_WARN_SUSPICIOUS_MOVE = YES;
				CLANG_WARN_UNGUARDED_AVAILABILITY = YES_AGGRESSIVE;
				CLANG_WARN_UNREACHABLE_CODE = YES;
				CLANG_WARN__DUPLICATE_METHOD_MATCH = YES;
				CODE_SIGN_IDENTITY = "iPhone Developer";
				COPY_PHASE_STRIP = NO;
				DEBUG_INFORMATION_FORMAT = dwarf;
				ENABLE_STRICT_OBJC_MSGSEND = YES;
				ENABLE_TESTABILITY = YES;
				GCC_C_LANGUAGE_STANDARD = gnu11;
				GCC_DYNAMIC_NO_PIC = NO;
				GCC_NO_COMMON_BLOCKS = YES;
				GCC_OPTIMIZATION_LEVEL = 0;
				GCC_PREPROCESSOR_DEFINITIONS = (
					"DEBUG=1",
					"$(inherited)",
				);
				GCC_WARN_64_TO_32_BIT_CONVERSION = YES;
				GCC_WARN_ABOUT_RETURN_TYPE = YES_ERROR;
				GCC_WARN_UNDECLARED_SELECTOR = YES;
				GCC_WARN_UNINITIALIZED_AUTOS = YES_AGGRESSIVE;
				GCC_WARN_UNUSED_FUNCTION = YES;
				GCC_WARN_UNUSED_VARIABLE = YES;
				IPHONEOS_DEPLOYMENT_TARGET = 11.2;
				MTL_ENABLE_DEBUG_INFO = YES;
				ONLY_ACTIVE_ARCH = YES;
				SDKROOT = iphoneos;
			};
			name = Debug;
		};
		5E80D5671FF2F23400DBC0DF /* Release */ = {
			isa = XCBuildConfiguration;
			buildSettings = {
				ALWAYS_SEARCH_USER_PATHS = NO;
				CLANG_ANALYZER_NONNULL = YES;
				CLANG_ANALYZER_NUMBER_OBJECT_CONVERSION = YES_AGGRESSIVE;
				CLANG_CXX_LANGUAGE_STANDARD = "gnu++14";
				CLANG_CXX_LIBRARY = "libc++";
				CLANG_ENABLE_MODULES = YES;
				CLANG_ENABLE_OBJC_ARC = YES;
				CLANG_WARN_BLOCK_CAPTURE_AUTORELEASING = YES;
				CLANG_WARN_BOOL_CONVERSION = YES;
				CLANG_WARN_COMMA = YES;
				CLANG_WARN_CONSTANT_CONVERSION = YES;
				CLANG_WARN_DIRECT_OBJC_ISA_USAGE = YES_ERROR;
				CLANG_WARN_DOCUMENTATION_COMMENTS = YES;
				CLANG_WARN_EMPTY_BODY = YES;
				CLANG_WARN_ENUM_CONVERSION = YES;
				CLANG_WARN_INFINITE_RECURSION = YES;
				CLANG_WARN_INT_CONVERSION = YES;
				CLANG_WARN_NON_LITERAL_NULL_CONVERSION = YES;
				CLANG_WARN_OBJC_LITERAL_CONVERSION = YES;
				CLANG_WARN_OBJC_ROOT_CLASS = YES_ERROR;
				CLANG_WARN_RANGE_LOOP_ANALYSIS = YES;
				CLANG_WARN_STRICT_PROTOTYPES = YES;
				CLANG_WARN_SUSPICIOUS_MOVE = YES;
				CLANG_WARN_UNGUARDED_AVAILABILITY = YES_AGGRESSIVE;
				CLANG_WARN_UNREACHABLE_CODE = YES;
				CLANG_WARN__DUPLICATE_METHOD_MATCH = YES;
				CODE_SIGN_IDENTITY = "iPhone Developer";
				COPY_PHASE_STRIP = NO;
				DEBUG_INFORMATION_FORMAT = "dwarf-with-dsym";
				ENABLE_NS_ASSERTIONS = NO;
				ENABLE_STRICT_OBJC_MSGSEND = YES;
				GCC_C_LANGUAGE_STANDARD = gnu11;
				GCC_NO_COMMON_BLOCKS = YES;
				GCC_WARN_64_TO_32_BIT_CONVERSION = YES;
				GCC_WARN_ABOUT_RETURN_TYPE = YES_ERROR;
				GCC_WARN_UNDECLARED_SELECTOR = YES;
				GCC_WARN_UNINITIALIZED_AUTOS = YES_AGGRESSIVE;
				GCC_WARN_UNUSED_FUNCTION = YES;
				GCC_WARN_UNUSED_VARIABLE = YES;
				IPHONEOS_DEPLOYMENT_TARGET = 11.2;
				MTL_ENABLE_DEBUG_INFO = NO;
				SDKROOT = iphoneos;
				VALIDATE_PRODUCT = YES;
			};
			name = Release;
		};
		5E80D5691FF2F23400DBC0DF /* Debug */ = {
			isa = XCBuildConfiguration;
			baseConfigurationReference = 1167B4A874811BCDF65F61CB /* Pods-BackendlessRTChatV2.debug.xcconfig */;
			buildSettings = {
				ASSETCATALOG_COMPILER_APPICON_NAME = AppIcon;
				CODE_SIGN_STYLE = Automatic;
				DEVELOPMENT_TEAM = 73FSJC7BUF;
				INFOPLIST_FILE = BackendlessRTChatV2/Info.plist;
				LD_RUNPATH_SEARCH_PATHS = "$(inherited) @executable_path/Frameworks";
				LIBRARY_SEARCH_PATHS = (
					"$(inherited)",
					"$(PROJECT_DIR)/lib/backendless",
				);
				PRODUCT_BUNDLE_IDENTIFIER = com.backendless.BackendlessRTChatV2;
				PRODUCT_NAME = "$(TARGET_NAME)";
				TARGETED_DEVICE_FAMILY = "1,2";
			};
			name = Debug;
		};
		5E80D56A1FF2F23400DBC0DF /* Release */ = {
			isa = XCBuildConfiguration;
			baseConfigurationReference = 26C36E232212401CD54B7FF5 /* Pods-BackendlessRTChatV2.release.xcconfig */;
			buildSettings = {
				ASSETCATALOG_COMPILER_APPICON_NAME = AppIcon;
				CODE_SIGN_STYLE = Automatic;
				DEVELOPMENT_TEAM = 73FSJC7BUF;
				INFOPLIST_FILE = BackendlessRTChatV2/Info.plist;
				LD_RUNPATH_SEARCH_PATHS = "$(inherited) @executable_path/Frameworks";
				LIBRARY_SEARCH_PATHS = (
					"$(inherited)",
					"$(PROJECT_DIR)/lib/backendless",
				);
				PRODUCT_BUNDLE_IDENTIFIER = com.backendless.BackendlessRTChatV2;
				PRODUCT_NAME = "$(TARGET_NAME)";
				TARGETED_DEVICE_FAMILY = "1,2";
			};
			name = Release;
		};
/* End XCBuildConfiguration section */

/* Begin XCConfigurationList section */
		5E80D54D1FF2F23400DBC0DF /* Build configuration list for PBXProject "BackendlessRTChatV2" */ = {
			isa = XCConfigurationList;
			buildConfigurations = (
				5E80D5661FF2F23400DBC0DF /* Debug */,
				5E80D5671FF2F23400DBC0DF /* Release */,
			);
			defaultConfigurationIsVisible = 0;
			defaultConfigurationName = Release;
		};
		5E80D5681FF2F23400DBC0DF /* Build configuration list for PBXNativeTarget "BackendlessRTChatV2" */ = {
			isa = XCConfigurationList;
			buildConfigurations = (
				5E80D5691FF2F23400DBC0DF /* Debug */,
				5E80D56A1FF2F23400DBC0DF /* Release */,
			);
			defaultConfigurationIsVisible = 0;
			defaultConfigurationName = Release;
		};
/* End XCConfigurationList section */
	};
	rootObject = 5E80D54A1FF2F23400DBC0DF /* Project object */;
}
